// !$*UTF8*$!
{
	archiveVersion = 1;
	classes = {
	};
	objectVersion = 46;
	objects = {

/* Begin PBXBuildFile section */
		8E0132DB16A7CC9C00195D9A /* NSDate+DateFromBSONObjectID.m in Sources */ = {isa = PBXBuildFile; fileRef = 8E0132DA16A7CC9C00195D9A /* NSDate+DateFromBSONObjectID.m */; };
		8E0357851666B86600C214D8 /* SPOverlayView.xib in Resources */ = {isa = PBXBuildFile; fileRef = 8E0357841666B86600C214D8 /* SPOverlayView.xib */; };
		8E0CFE1316C4A87F009620F9 /* SPVideoScrubber.m in Sources */ = {isa = PBXBuildFile; fileRef = 8E0CFE1216C4A87F009620F9 /* SPVideoScrubber.m */; };
		8E0CFE1616C4C54E009620F9 /* UIScreen+Resolution.m in Sources */ = {isa = PBXBuildFile; fileRef = 8E0CFE1516C4C54E009620F9 /* UIScreen+Resolution.m */; };
		8E10189A1686696B009698B3 /* AFHTTPClient.m in Sources */ = {isa = PBXBuildFile; fileRef = 8E1018881686696B009698B3 /* AFHTTPClient.m */; };
		8E10189B1686696B009698B3 /* AFHTTPRequestOperation.m in Sources */ = {isa = PBXBuildFile; fileRef = 8E10188A1686696B009698B3 /* AFHTTPRequestOperation.m */; };
		8E10189C1686696B009698B3 /* AFImageRequestOperation.m in Sources */ = {isa = PBXBuildFile; fileRef = 8E10188C1686696B009698B3 /* AFImageRequestOperation.m */; };
		8E10189D1686696B009698B3 /* AFJSONRequestOperation.m in Sources */ = {isa = PBXBuildFile; fileRef = 8E10188E1686696B009698B3 /* AFJSONRequestOperation.m */; };
		8E10189E1686696B009698B3 /* AFNetworkActivityIndicatorManager.m in Sources */ = {isa = PBXBuildFile; fileRef = 8E1018901686696B009698B3 /* AFNetworkActivityIndicatorManager.m */; };
		8E10189F1686696B009698B3 /* AFPropertyListRequestOperation.m in Sources */ = {isa = PBXBuildFile; fileRef = 8E1018931686696B009698B3 /* AFPropertyListRequestOperation.m */; };
		8E1018A01686696B009698B3 /* AFURLConnectionOperation.m in Sources */ = {isa = PBXBuildFile; fileRef = 8E1018951686696B009698B3 /* AFURLConnectionOperation.m */; };
		8E1018A11686696B009698B3 /* AFXMLRequestOperation.m in Sources */ = {isa = PBXBuildFile; fileRef = 8E1018971686696B009698B3 /* AFXMLRequestOperation.m */; };
		8E1018A21686696B009698B3 /* UIImageView+AFNetworking.m in Sources */ = {isa = PBXBuildFile; fileRef = 8E1018991686696B009698B3 /* UIImageView+AFNetworking.m */; };
		8E12B18416825B4100657D32 /* actionButton.png in Resources */ = {isa = PBXBuildFile; fileRef = 8E12B17C16825B4100657D32 /* actionButton.png */; };
		8E12B18516825B4100657D32 /* actionButton@2x.png in Resources */ = {isa = PBXBuildFile; fileRef = 8E12B17D16825B4100657D32 /* actionButton@2x.png */; };
		8E12B18816825B4100657D32 /* videoListThumbnail.png in Resources */ = {isa = PBXBuildFile; fileRef = 8E12B18016825B4100657D32 /* videoListThumbnail.png */; };
		8E12B18916825B4100657D32 /* videoListThumbnail@2x.png in Resources */ = {isa = PBXBuildFile; fileRef = 8E12B18116825B4100657D32 /* videoListThumbnail@2x.png */; };
		8E12B18A16825B4100657D32 /* videoListThumbnailOverlay.png in Resources */ = {isa = PBXBuildFile; fileRef = 8E12B18216825B4100657D32 /* videoListThumbnailOverlay.png */; };
		8E12B18B16825B4100657D32 /* videoListThumbnailOverlay@2x.png in Resources */ = {isa = PBXBuildFile; fileRef = 8E12B18316825B4100657D32 /* videoListThumbnailOverlay@2x.png */; };
		8E1B2E9B16700B1F00D2C0DC /* CoreMedia.framework in Frameworks */ = {isa = PBXBuildFile; fileRef = 8E1B2E9A16700B1F00D2C0DC /* CoreMedia.framework */; };
		8E1B2EE1167050BE00D2C0DC /* TopAlignedLabel.m in Sources */ = {isa = PBXBuildFile; fileRef = 8E1B2EA416703BE500D2C0DC /* TopAlignedLabel.m */; };
		8E209712162F3A60000A2DFD /* UIKit.framework in Frameworks */ = {isa = PBXBuildFile; fileRef = 8E209711162F3A60000A2DFD /* UIKit.framework */; };
		8E209714162F3A60000A2DFD /* Foundation.framework in Frameworks */ = {isa = PBXBuildFile; fileRef = 8E209713162F3A60000A2DFD /* Foundation.framework */; };
		8E209716162F3A60000A2DFD /* CoreGraphics.framework in Frameworks */ = {isa = PBXBuildFile; fileRef = 8E209715162F3A60000A2DFD /* CoreGraphics.framework */; };
		8E20971C162F3A61000A2DFD /* InfoPlist.strings in Resources */ = {isa = PBXBuildFile; fileRef = 8E20971A162F3A61000A2DFD /* InfoPlist.strings */; };
		8E20971E162F3A61000A2DFD /* main.m in Sources */ = {isa = PBXBuildFile; fileRef = 8E20971D162F3A61000A2DFD /* main.m */; };
		8E209722162F3A61000A2DFD /* AppDelegate.m in Sources */ = {isa = PBXBuildFile; fileRef = 8E209721162F3A61000A2DFD /* AppDelegate.m */; };
		8E209724162F3A61000A2DFD /* Default.png in Resources */ = {isa = PBXBuildFile; fileRef = 8E209723162F3A61000A2DFD /* Default.png */; };
		8E209726162F3A61000A2DFD /* Default@2x.png in Resources */ = {isa = PBXBuildFile; fileRef = 8E209725162F3A61000A2DFD /* Default@2x.png */; };
		8E285DE31680F82C002A7935 /* infoPanelIconPlaceholder.png in Resources */ = {isa = PBXBuildFile; fileRef = 8E285DE11680F82C002A7935 /* infoPanelIconPlaceholder.png */; };
		8E285DE41680F82C002A7935 /* infoPanelIconPlaceholder@2x.png in Resources */ = {isa = PBXBuildFile; fileRef = 8E285DE21680F82C002A7935 /* infoPanelIconPlaceholder@2x.png */; };
		8E285DE7168124FC002A7935 /* QuartzCore.framework in Frameworks */ = {isa = PBXBuildFile; fileRef = 8E285DE6168124FC002A7935 /* QuartzCore.framework */; };
		8E2FC88416C6F19D0022B58C /* authenticaitoncancelButton.png in Resources */ = {isa = PBXBuildFile; fileRef = 8E2FC87316C6F19D0022B58C /* authenticaitoncancelButton.png */; };
		8E2FC88516C6F19D0022B58C /* authenticaitoncancelButton@2x.png in Resources */ = {isa = PBXBuildFile; fileRef = 8E2FC87416C6F19D0022B58C /* authenticaitoncancelButton@2x.png */; };
		8E2FC88616C6F19D0022B58C /* authenticaitonGoButton.png in Resources */ = {isa = PBXBuildFile; fileRef = 8E2FC87516C6F19D0022B58C /* authenticaitonGoButton.png */; };
		8E2FC88716C6F19D0022B58C /* authenticaitonGoButton@2x.png in Resources */ = {isa = PBXBuildFile; fileRef = 8E2FC87616C6F19D0022B58C /* authenticaitonGoButton@2x.png */; };
		8E2FC88816C6F19D0022B58C /* authenticaitonLoginView.png in Resources */ = {isa = PBXBuildFile; fileRef = 8E2FC87716C6F19D0022B58C /* authenticaitonLoginView.png */; };
		8E2FC88916C6F19D0022B58C /* authenticaitonLoginView@2x.png.png in Resources */ = {isa = PBXBuildFile; fileRef = 8E2FC87816C6F19D0022B58C /* authenticaitonLoginView@2x.png.png */; };
		8E2FC88A16C6F19D0022B58C /* authenticaitonTextField.png in Resources */ = {isa = PBXBuildFile; fileRef = 8E2FC87916C6F19D0022B58C /* authenticaitonTextField.png */; };
		8E2FC88B16C6F19D0022B58C /* authenticaitonTextField@2x.png in Resources */ = {isa = PBXBuildFile; fileRef = 8E2FC87A16C6F19D0022B58C /* authenticaitonTextField@2x.png */; };
		8E2FC88C16C6F19D0022B58C /* Default.png in Resources */ = {isa = PBXBuildFile; fileRef = 8E2FC87C16C6F19D0022B58C /* Default.png */; };
		8E2FC88D16C6F19D0022B58C /* Default@2x.png in Resources */ = {isa = PBXBuildFile; fileRef = 8E2FC87D16C6F19D0022B58C /* Default@2x.png */; };
		8E2FC88E16C6F19D0022B58C /* likesCard.png in Resources */ = {isa = PBXBuildFile; fileRef = 8E2FC87E16C6F19D0022B58C /* likesCard.png */; };
		8E2FC88F16C6F19D0022B58C /* likesCard@2x.png in Resources */ = {isa = PBXBuildFile; fileRef = 8E2FC87F16C6F19D0022B58C /* likesCard@2x.png */; };
		8E2FC89016C6F19D0022B58C /* personalRollCard.png in Resources */ = {isa = PBXBuildFile; fileRef = 8E2FC88016C6F19D0022B58C /* personalRollCard.png */; };
		8E2FC89116C6F19D0022B58C /* personalRollCard@2x.png in Resources */ = {isa = PBXBuildFile; fileRef = 8E2FC88116C6F19D0022B58C /* personalRollCard@2x.png */; };
		8E2FC89216C6F19D0022B58C /* streamCard.png in Resources */ = {isa = PBXBuildFile; fileRef = 8E2FC88216C6F19D0022B58C /* streamCard.png */; };
		8E2FC89316C6F19D0022B58C /* streamCard@2x.png in Resources */ = {isa = PBXBuildFile; fileRef = 8E2FC88316C6F19D0022B58C /* streamCard@2x.png */; };
		8E40AF6916A4B339007A66CA /* restartButton.png in Resources */ = {isa = PBXBuildFile; fileRef = 8E40AF6716A4B339007A66CA /* restartButton.png */; };
		8E40AF6A16A4B339007A66CA /* restartButton@2x.png in Resources */ = {isa = PBXBuildFile; fileRef = 8E40AF6816A4B339007A66CA /* restartButton@2x.png */; };
		8E40AF6D16A4B6A7007A66CA /* infoPanel.png in Resources */ = {isa = PBXBuildFile; fileRef = 8E40AF6B16A4B6A7007A66CA /* infoPanel.png */; };
		8E40AF6E16A4B6A7007A66CA /* infoPanel@2x.png in Resources */ = {isa = PBXBuildFile; fileRef = 8E40AF6C16A4B6A7007A66CA /* infoPanel@2x.png */; };
		8E41EF2816B0554400C831A4 /* AsynchronousFreeloader.m in Sources */ = {isa = PBXBuildFile; fileRef = 8E1018801686695D009698B3 /* AsynchronousFreeloader.m */; };
		8E41EF2E16B0742400C831A4 /* BigButton.m in Sources */ = {isa = PBXBuildFile; fileRef = 8E41EF2D16B0742400C831A4 /* BigButton.m */; };
		8E4980AD1688C556007AF267 /* tempLogo.png in Resources */ = {isa = PBXBuildFile; fileRef = 8E4980AB1688C556007AF267 /* tempLogo.png */; };
		8E4980AE1688C556007AF267 /* tempLogo@2x.png in Resources */ = {isa = PBXBuildFile; fileRef = 8E4980AC1688C556007AF267 /* tempLogo@2x.png */; };
		8E4A92D9166532DA00FF742D /* MeViewController.m in Sources */ = {isa = PBXBuildFile; fileRef = 8E1FAB9616652E6E00A565BF /* MeViewController.m */; };
		8E4A92DB1665383F00FF742D /* LoginViewController.xib in Sources */ = {isa = PBXBuildFile; fileRef = 8E82EDE91631ABDE0044D97E /* LoginViewController.xib */; };
		8E4A92DC1665383F00FF742D /* MeViewController.xib in Sources */ = {isa = PBXBuildFile; fileRef = 8E1FAB9716652E6E00A565BF /* MeViewController.xib */; };
		8E4C55771666A9F90019DD15 /* SPOverlayView.m in Sources */ = {isa = PBXBuildFile; fileRef = 8E4C55761666A9F90019DD15 /* SPOverlayView.m */; };
		8E4F580B1635E05F0048585C /* CoreData.framework in Frameworks */ = {isa = PBXBuildFile; fileRef = 8E4F580A1635E05F0048585C /* CoreData.framework */; };
		8E50CDED16A9B9FC006B1ABE /* Icon-Small-50.png in Resources */ = {isa = PBXBuildFile; fileRef = 8E50CDE716A9B9FC006B1ABE /* Icon-Small-50.png */; };
		8E50CDEE16A9B9FC006B1ABE /* Icon-Small-50@2x.png in Resources */ = {isa = PBXBuildFile; fileRef = 8E50CDE816A9B9FC006B1ABE /* Icon-Small-50@2x.png */; };
		8E50CDEF16A9B9FC006B1ABE /* Icon.png in Resources */ = {isa = PBXBuildFile; fileRef = 8E50CDE916A9B9FC006B1ABE /* Icon.png */; };
		8E50CDF016A9B9FC006B1ABE /* Icon@2x.png in Resources */ = {isa = PBXBuildFile; fileRef = 8E50CDEA16A9B9FC006B1ABE /* Icon@2x.png */; };
		8E50CDF116A9B9FC006B1ABE /* iTunesArtwork in Resources */ = {isa = PBXBuildFile; fileRef = 8E50CDEB16A9B9FC006B1ABE /* iTunesArtwork */; };
		8E50CDF216A9B9FC006B1ABE /* iTunesArtwork@2x in Resources */ = {isa = PBXBuildFile; fileRef = 8E50CDEC16A9B9FC006B1ABE /* iTunesArtwork@2x */; };
		8E5980481680104A00027181 /* homeButton.png in Resources */ = {isa = PBXBuildFile; fileRef = 8E59802E1680104A00027181 /* homeButton.png */; };
		8E5980491680104A00027181 /* homeButton@2x.png in Resources */ = {isa = PBXBuildFile; fileRef = 8E59802F1680104A00027181 /* homeButton@2x.png */; };
		8E59804C1680104A00027181 /* pauseButton.png in Resources */ = {isa = PBXBuildFile; fileRef = 8E5980321680104A00027181 /* pauseButton.png */; };
		8E59804D1680104A00027181 /* pauseButton@2x.png in Resources */ = {isa = PBXBuildFile; fileRef = 8E5980331680104A00027181 /* pauseButton@2x.png */; };
		8E59804E1680104A00027181 /* playButton.png in Resources */ = {isa = PBXBuildFile; fileRef = 8E5980341680104A00027181 /* playButton.png */; };
		8E59804F1680104A00027181 /* playButton@2x.png in Resources */ = {isa = PBXBuildFile; fileRef = 8E5980351680104A00027181 /* playButton@2x.png */; };
		8E5980541680104A00027181 /* scrubberIcon.png in Resources */ = {isa = PBXBuildFile; fileRef = 8E59803A1680104A00027181 /* scrubberIcon.png */; };
		8E5980551680104A00027181 /* scrubberIcon@2x.png in Resources */ = {isa = PBXBuildFile; fileRef = 8E59803B1680104A00027181 /* scrubberIcon@2x.png */; };
		8E59805A1680104A00027181 /* videoListPanel.png in Resources */ = {isa = PBXBuildFile; fileRef = 8E5980401680104A00027181 /* videoListPanel.png */; };
		8E59805B1680104A00027181 /* videoListPanel@2x.png in Resources */ = {isa = PBXBuildFile; fileRef = 8E5980411680104A00027181 /* videoListPanel@2x.png */; };
		8E59805C1680104A00027181 /* videoPlayerBar.png in Resources */ = {isa = PBXBuildFile; fileRef = 8E5980421680104A00027181 /* videoPlayerBar.png */; };
		8E59805D1680104A00027181 /* videoPlayerBar@2x.png in Resources */ = {isa = PBXBuildFile; fileRef = 8E5980431680104A00027181 /* videoPlayerBar@2x.png */; };
		8E6C2F5016C3825000489EF6 /* User.m in Sources */ = {isa = PBXBuildFile; fileRef = 8E6C2F4F16C3825000489EF6 /* User.m */; };
		8E82EDEA1631ABDE0044D97E /* LoginViewController.m in Sources */ = {isa = PBXBuildFile; fileRef = 8E82EDE81631ABDE0044D97E /* LoginViewController.m */; };
		8E82EDEB1631ABDE0044D97E /* LoginViewController.xib in Resources */ = {isa = PBXBuildFile; fileRef = 8E82EDE91631ABDE0044D97E /* LoginViewController.xib */; };
		8E82EE101631C7AC0044D97E /* SystemConfiguration.framework in Frameworks */ = {isa = PBXBuildFile; fileRef = 8E82EE0F1631C7AC0044D97E /* SystemConfiguration.framework */; };
		8E82EE121631C7B90044D97E /* MobileCoreServices.framework in Frameworks */ = {isa = PBXBuildFile; fileRef = 8E82EE111631C7B90044D97E /* MobileCoreServices.framework */; };
		8E888988166FB0B40040D28D /* ShelbyAPIClient.m in Sources */ = {isa = PBXBuildFile; fileRef = 8E888987166FB0B40040D28D /* ShelbyAPIClient.m */; };
		8E8939E516C19F5100AE7B4F /* Creator.m in Sources */ = {isa = PBXBuildFile; fileRef = 8E8939E416C19F5100AE7B4F /* Creator.m */; };
		8E8939E816C19F5100AE7B4F /* Frame.m in Sources */ = {isa = PBXBuildFile; fileRef = 8E8939E716C19F5100AE7B4F /* Frame.m */; };
		8E8939F116C19F5200AE7B4F /* Messages.m in Sources */ = {isa = PBXBuildFile; fileRef = 8E8939F016C19F5200AE7B4F /* Messages.m */; };
		8E8939F416C19F5200AE7B4F /* Stream.m in Sources */ = {isa = PBXBuildFile; fileRef = 8E8939F316C19F5200AE7B4F /* Stream.m */; };
		8E8939FA16C19F5200AE7B4F /* Roll.m in Sources */ = {isa = PBXBuildFile; fileRef = 8E8939F916C19F5200AE7B4F /* Roll.m */; };
		8E893A0016C19F5200AE7B4F /* Video.m in Sources */ = {isa = PBXBuildFile; fileRef = 8E8939FF16C19F5200AE7B4F /* Video.m */; };
		8E893A0616C1A0D300AE7B4F /* Conversation.m in Sources */ = {isa = PBXBuildFile; fileRef = 8E893A0516C1A0D300AE7B4F /* Conversation.m */; };
		8E893A1816C1F81D00AE7B4F /* Group.m in Sources */ = {isa = PBXBuildFile; fileRef = 8E893A1716C1F81C00AE7B4F /* Group.m */; };
		8E893A1B16C1F81D00AE7B4F /* GroupRoll.m in Sources */ = {isa = PBXBuildFile; fileRef = 8E893A1A16C1F81D00AE7B4F /* GroupRoll.m */; };
		8E9182D116B857D100F2BDCF /* BrowseViewController.m in Sources */ = {isa = PBXBuildFile; fileRef = 8E9182CF16B857D100F2BDCF /* BrowseViewController.m */; };
		8E9182D216B857D100F2BDCF /* BrowseViewController.xib in Resources */ = {isa = PBXBuildFile; fileRef = 8E9182D016B857D100F2BDCF /* BrowseViewController.xib */; };
		8E9182D816B86E1700F2BDCF /* BrowseCell.m in Sources */ = {isa = PBXBuildFile; fileRef = 8E9182D716B86E1700F2BDCF /* BrowseCell.m */; };
		8E9182DE16B8921C00F2BDCF /* Shelby.xcdatamodeld in Sources */ = {isa = PBXBuildFile; fileRef = 8E9182DC16B8921C00F2BDCF /* Shelby.xcdatamodeld */; };
		8E9F32711683F4040049EECD /* scrubberBarOff.png in Resources */ = {isa = PBXBuildFile; fileRef = 8E9F326F1683F4040049EECD /* scrubberBarOff.png */; };
		8E9F32721683F4040049EECD /* scrubberBarOff@2x.png in Resources */ = {isa = PBXBuildFile; fileRef = 8E9F32701683F4040049EECD /* scrubberBarOff@2x.png */; };
		8EA2CB2316729AC700D59B73 /* SPVideoItemView.m in Sources */ = {isa = PBXBuildFile; fileRef = 8EA2CB2216729AC700D59B73 /* SPVideoItemView.m */; };
		8EA2CB2616729E8700D59B73 /* SPVideoItemView.xib in Resources */ = {isa = PBXBuildFile; fileRef = 8EA2CB2516729E8700D59B73 /* SPVideoItemView.xib */; };
		8EAAEE5B163A29BA00AEF100 /* CoreDataUtility.m in Sources */ = {isa = PBXBuildFile; fileRef = 8EAAEE5A163A29A900AEF100 /* CoreDataUtility.m */; };
		8EAAEE65163A314700AEF100 /* NSString+CoreDataNullTest.m in Sources */ = {isa = PBXBuildFile; fileRef = 8EAAEE64163A314700AEF100 /* NSString+CoreDataNullTest.m */; };
		8EB3B18C16AF68A5008587FD /* MediaPlayer.framework in Frameworks */ = {isa = PBXBuildFile; fileRef = 8EB3B18B16AF68A5008587FD /* MediaPlayer.framework */; };
		8EB3B19916AF9E96008587FD /* Panhandler.m in Sources */ = {isa = PBXBuildFile; fileRef = 8EB3B19716AF9E96008587FD /* Panhandler.m */; };
		8EB3B19C16AFA7FA008587FD /* SPModel.m in Sources */ = {isa = PBXBuildFile; fileRef = 8EB3B19B16AFA7F9008587FD /* SPModel.m */; };
		8EB950541665BD0E00E965E0 /* SPVideoPlayer.m in Sources */ = {isa = PBXBuildFile; fileRef = 8EB950521665BCF100E965E0 /* SPVideoPlayer.m */; };
		8EB950571665BD6F00E965E0 /* SPVideoReel.m in Sources */ = {isa = PBXBuildFile; fileRef = 8EB950561665BD4000E965E0 /* SPVideoReel.m */; };
		8ED3159316AD1F5E00B177EC /* UIColor+ColorWithHexAndAlpha.m in Sources */ = {isa = PBXBuildFile; fileRef = 8ED3159216AD1F5E00B177EC /* UIColor+ColorWithHexAndAlpha.m */; };
		8EE50E9C1665B8EF00DF42B8 /* SPVideoExtractor.m in Sources */ = {isa = PBXBuildFile; fileRef = 8E7247A81665B4560008F439 /* SPVideoExtractor.m */; };
		8EE5FAB81685622900DBEA13 /* Crashlytics.framework in Frameworks */ = {isa = PBXBuildFile; fileRef = 8EE5FAB71685622900DBEA13 /* Crashlytics.framework */; };
		8EEED7A816800DAC00D9F4CD /* Ubuntu-B.ttf in Resources */ = {isa = PBXBuildFile; fileRef = 8EEED7A516800DAC00D9F4CD /* Ubuntu-B.ttf */; };
		8EEED7A916800DAC00D9F4CD /* Ubuntu-M.ttf in Resources */ = {isa = PBXBuildFile; fileRef = 8EEED7A616800DAC00D9F4CD /* Ubuntu-M.ttf */; };
		8EEED7AA16800DAC00D9F4CD /* Ubuntu-R.ttf in Resources */ = {isa = PBXBuildFile; fileRef = 8EEED7A716800DAC00D9F4CD /* Ubuntu-R.ttf */; };
		8EF5C35B162F42470075C35F /* AVFoundation.framework in Frameworks */ = {isa = PBXBuildFile; fileRef = 8EF5C35A162F42470075C35F /* AVFoundation.framework */; };
/* End PBXBuildFile section */

/* Begin PBXFileReference section */
		8E0132D916A7CC9C00195D9A /* NSDate+DateFromBSONObjectID.h */ = {isa = PBXFileReference; fileEncoding = 4; lastKnownFileType = sourcecode.c.h; path = "NSDate+DateFromBSONObjectID.h"; sourceTree = "<group>"; };
		8E0132DA16A7CC9C00195D9A /* NSDate+DateFromBSONObjectID.m */ = {isa = PBXFileReference; fileEncoding = 4; lastKnownFileType = sourcecode.c.objc; path = "NSDate+DateFromBSONObjectID.m"; sourceTree = "<group>"; };
		8E0357841666B86600C214D8 /* SPOverlayView.xib */ = {isa = PBXFileReference; fileEncoding = 4; lastKnownFileType = file.xib; path = SPOverlayView.xib; sourceTree = "<group>"; };
		8E0CFE1116C4A87F009620F9 /* SPVideoScrubber.h */ = {isa = PBXFileReference; fileEncoding = 4; lastKnownFileType = sourcecode.c.h; path = SPVideoScrubber.h; sourceTree = "<group>"; };
		8E0CFE1216C4A87F009620F9 /* SPVideoScrubber.m */ = {isa = PBXFileReference; fileEncoding = 4; lastKnownFileType = sourcecode.c.objc; path = SPVideoScrubber.m; sourceTree = "<group>"; };
		8E0CFE1416C4C54E009620F9 /* UIScreen+Resolution.h */ = {isa = PBXFileReference; fileEncoding = 4; lastKnownFileType = sourcecode.c.h; path = "UIScreen+Resolution.h"; sourceTree = "<group>"; };
		8E0CFE1516C4C54E009620F9 /* UIScreen+Resolution.m */ = {isa = PBXFileReference; fileEncoding = 4; lastKnownFileType = sourcecode.c.objc; path = "UIScreen+Resolution.m"; sourceTree = "<group>"; };
		8E10187F1686695D009698B3 /* AsynchronousFreeloader.h */ = {isa = PBXFileReference; fileEncoding = 4; lastKnownFileType = sourcecode.c.h; path = AsynchronousFreeloader.h; sourceTree = "<group>"; };
		8E1018801686695D009698B3 /* AsynchronousFreeloader.m */ = {isa = PBXFileReference; fileEncoding = 4; lastKnownFileType = sourcecode.c.objc; path = AsynchronousFreeloader.m; sourceTree = "<group>"; };
		8E1018871686696B009698B3 /* AFHTTPClient.h */ = {isa = PBXFileReference; fileEncoding = 4; lastKnownFileType = sourcecode.c.h; path = AFHTTPClient.h; sourceTree = "<group>"; };
		8E1018881686696B009698B3 /* AFHTTPClient.m */ = {isa = PBXFileReference; fileEncoding = 4; lastKnownFileType = sourcecode.c.objc; path = AFHTTPClient.m; sourceTree = "<group>"; };
		8E1018891686696B009698B3 /* AFHTTPRequestOperation.h */ = {isa = PBXFileReference; fileEncoding = 4; lastKnownFileType = sourcecode.c.h; path = AFHTTPRequestOperation.h; sourceTree = "<group>"; };
		8E10188A1686696B009698B3 /* AFHTTPRequestOperation.m */ = {isa = PBXFileReference; fileEncoding = 4; lastKnownFileType = sourcecode.c.objc; path = AFHTTPRequestOperation.m; sourceTree = "<group>"; };
		8E10188B1686696B009698B3 /* AFImageRequestOperation.h */ = {isa = PBXFileReference; fileEncoding = 4; lastKnownFileType = sourcecode.c.h; path = AFImageRequestOperation.h; sourceTree = "<group>"; };
		8E10188C1686696B009698B3 /* AFImageRequestOperation.m */ = {isa = PBXFileReference; fileEncoding = 4; lastKnownFileType = sourcecode.c.objc; path = AFImageRequestOperation.m; sourceTree = "<group>"; };
		8E10188D1686696B009698B3 /* AFJSONRequestOperation.h */ = {isa = PBXFileReference; fileEncoding = 4; lastKnownFileType = sourcecode.c.h; path = AFJSONRequestOperation.h; sourceTree = "<group>"; };
		8E10188E1686696B009698B3 /* AFJSONRequestOperation.m */ = {isa = PBXFileReference; fileEncoding = 4; lastKnownFileType = sourcecode.c.objc; path = AFJSONRequestOperation.m; sourceTree = "<group>"; };
		8E10188F1686696B009698B3 /* AFNetworkActivityIndicatorManager.h */ = {isa = PBXFileReference; fileEncoding = 4; lastKnownFileType = sourcecode.c.h; path = AFNetworkActivityIndicatorManager.h; sourceTree = "<group>"; };
		8E1018901686696B009698B3 /* AFNetworkActivityIndicatorManager.m */ = {isa = PBXFileReference; fileEncoding = 4; lastKnownFileType = sourcecode.c.objc; path = AFNetworkActivityIndicatorManager.m; sourceTree = "<group>"; };
		8E1018911686696B009698B3 /* AFNetworking.h */ = {isa = PBXFileReference; fileEncoding = 4; lastKnownFileType = sourcecode.c.h; path = AFNetworking.h; sourceTree = "<group>"; };
		8E1018921686696B009698B3 /* AFPropertyListRequestOperation.h */ = {isa = PBXFileReference; fileEncoding = 4; lastKnownFileType = sourcecode.c.h; path = AFPropertyListRequestOperation.h; sourceTree = "<group>"; };
		8E1018931686696B009698B3 /* AFPropertyListRequestOperation.m */ = {isa = PBXFileReference; fileEncoding = 4; lastKnownFileType = sourcecode.c.objc; path = AFPropertyListRequestOperation.m; sourceTree = "<group>"; };
		8E1018941686696B009698B3 /* AFURLConnectionOperation.h */ = {isa = PBXFileReference; fileEncoding = 4; lastKnownFileType = sourcecode.c.h; path = AFURLConnectionOperation.h; sourceTree = "<group>"; };
		8E1018951686696B009698B3 /* AFURLConnectionOperation.m */ = {isa = PBXFileReference; fileEncoding = 4; lastKnownFileType = sourcecode.c.objc; path = AFURLConnectionOperation.m; sourceTree = "<group>"; };
		8E1018961686696B009698B3 /* AFXMLRequestOperation.h */ = {isa = PBXFileReference; fileEncoding = 4; lastKnownFileType = sourcecode.c.h; path = AFXMLRequestOperation.h; sourceTree = "<group>"; };
		8E1018971686696B009698B3 /* AFXMLRequestOperation.m */ = {isa = PBXFileReference; fileEncoding = 4; lastKnownFileType = sourcecode.c.objc; path = AFXMLRequestOperation.m; sourceTree = "<group>"; };
		8E1018981686696B009698B3 /* UIImageView+AFNetworking.h */ = {isa = PBXFileReference; fileEncoding = 4; lastKnownFileType = sourcecode.c.h; path = "UIImageView+AFNetworking.h"; sourceTree = "<group>"; };
		8E1018991686696B009698B3 /* UIImageView+AFNetworking.m */ = {isa = PBXFileReference; fileEncoding = 4; lastKnownFileType = sourcecode.c.objc; path = "UIImageView+AFNetworking.m"; sourceTree = "<group>"; };
		8E12B17C16825B4100657D32 /* actionButton.png */ = {isa = PBXFileReference; lastKnownFileType = image.png; path = actionButton.png; sourceTree = "<group>"; };
		8E12B17D16825B4100657D32 /* actionButton@2x.png */ = {isa = PBXFileReference; lastKnownFileType = image.png; path = "actionButton@2x.png"; sourceTree = "<group>"; };
		8E12B18016825B4100657D32 /* videoListThumbnail.png */ = {isa = PBXFileReference; lastKnownFileType = image.png; path = videoListThumbnail.png; sourceTree = "<group>"; };
		8E12B18116825B4100657D32 /* videoListThumbnail@2x.png */ = {isa = PBXFileReference; lastKnownFileType = image.png; path = "videoListThumbnail@2x.png"; sourceTree = "<group>"; };
		8E12B18216825B4100657D32 /* videoListThumbnailOverlay.png */ = {isa = PBXFileReference; lastKnownFileType = image.png; path = videoListThumbnailOverlay.png; sourceTree = "<group>"; };
		8E12B18316825B4100657D32 /* videoListThumbnailOverlay@2x.png */ = {isa = PBXFileReference; lastKnownFileType = image.png; path = "videoListThumbnailOverlay@2x.png"; sourceTree = "<group>"; };
		8E1B2E9A16700B1F00D2C0DC /* CoreMedia.framework */ = {isa = PBXFileReference; lastKnownFileType = wrapper.framework; name = CoreMedia.framework; path = System/Library/Frameworks/CoreMedia.framework; sourceTree = SDKROOT; };
		8E1B2EA316703BE500D2C0DC /* TopAlignedLabel.h */ = {isa = PBXFileReference; lastKnownFileType = sourcecode.c.h; path = TopAlignedLabel.h; sourceTree = "<group>"; };
		8E1B2EA416703BE500D2C0DC /* TopAlignedLabel.m */ = {isa = PBXFileReference; lastKnownFileType = sourcecode.c.objc; path = TopAlignedLabel.m; sourceTree = "<group>"; };
		8E1FAB9516652E6E00A565BF /* MeViewController.h */ = {isa = PBXFileReference; lastKnownFileType = sourcecode.c.h; path = MeViewController.h; sourceTree = "<group>"; };
		8E1FAB9616652E6E00A565BF /* MeViewController.m */ = {isa = PBXFileReference; lastKnownFileType = sourcecode.c.objc; path = MeViewController.m; sourceTree = "<group>"; };
		8E1FAB9716652E6E00A565BF /* MeViewController.xib */ = {isa = PBXFileReference; lastKnownFileType = file.xib; path = MeViewController.xib; sourceTree = "<group>"; };
		8E20970D162F3A60000A2DFD /* Shelby.tv.app */ = {isa = PBXFileReference; explicitFileType = wrapper.application; includeInIndex = 0; path = Shelby.tv.app; sourceTree = BUILT_PRODUCTS_DIR; };
		8E209711162F3A60000A2DFD /* UIKit.framework */ = {isa = PBXFileReference; lastKnownFileType = wrapper.framework; name = UIKit.framework; path = System/Library/Frameworks/UIKit.framework; sourceTree = SDKROOT; };
		8E209713162F3A60000A2DFD /* Foundation.framework */ = {isa = PBXFileReference; lastKnownFileType = wrapper.framework; name = Foundation.framework; path = System/Library/Frameworks/Foundation.framework; sourceTree = SDKROOT; };
		8E209715162F3A60000A2DFD /* CoreGraphics.framework */ = {isa = PBXFileReference; lastKnownFileType = wrapper.framework; name = CoreGraphics.framework; path = System/Library/Frameworks/CoreGraphics.framework; sourceTree = SDKROOT; };
		8E209719162F3A61000A2DFD /* Shelby.tv-Info.plist */ = {isa = PBXFileReference; lastKnownFileType = text.plist.xml; path = "Shelby.tv-Info.plist"; sourceTree = "<group>"; };
		8E20971B162F3A61000A2DFD /* en */ = {isa = PBXFileReference; lastKnownFileType = text.plist.strings; name = en; path = en.lproj/InfoPlist.strings; sourceTree = "<group>"; };
		8E20971D162F3A61000A2DFD /* main.m */ = {isa = PBXFileReference; lastKnownFileType = sourcecode.c.objc; path = main.m; sourceTree = "<group>"; };
		8E20971F162F3A61000A2DFD /* Shelby.tv-Prefix.pch */ = {isa = PBXFileReference; lastKnownFileType = sourcecode.c.h; path = "Shelby.tv-Prefix.pch"; sourceTree = "<group>"; };
		8E209720162F3A61000A2DFD /* AppDelegate.h */ = {isa = PBXFileReference; lastKnownFileType = sourcecode.c.h; path = AppDelegate.h; sourceTree = "<group>"; };
		8E209721162F3A61000A2DFD /* AppDelegate.m */ = {isa = PBXFileReference; fileEncoding = 4; lastKnownFileType = sourcecode.c.objc; path = AppDelegate.m; sourceTree = "<group>"; };
		8E209723162F3A61000A2DFD /* Default.png */ = {isa = PBXFileReference; lastKnownFileType = image.png; path = Default.png; sourceTree = "<group>"; };
		8E209725162F3A61000A2DFD /* Default@2x.png */ = {isa = PBXFileReference; lastKnownFileType = image.png; path = "Default@2x.png"; sourceTree = "<group>"; };
		8E285DE11680F82C002A7935 /* infoPanelIconPlaceholder.png */ = {isa = PBXFileReference; lastKnownFileType = image.png; path = infoPanelIconPlaceholder.png; sourceTree = "<group>"; };
		8E285DE21680F82C002A7935 /* infoPanelIconPlaceholder@2x.png */ = {isa = PBXFileReference; lastKnownFileType = image.png; path = "infoPanelIconPlaceholder@2x.png"; sourceTree = "<group>"; };
		8E285DE6168124FC002A7935 /* QuartzCore.framework */ = {isa = PBXFileReference; lastKnownFileType = wrapper.framework; name = QuartzCore.framework; path = System/Library/Frameworks/QuartzCore.framework; sourceTree = SDKROOT; };
		8E2FC87316C6F19D0022B58C /* authenticaitoncancelButton.png */ = {isa = PBXFileReference; lastKnownFileType = image.png; path = authenticaitoncancelButton.png; sourceTree = "<group>"; };
		8E2FC87416C6F19D0022B58C /* authenticaitoncancelButton@2x.png */ = {isa = PBXFileReference; lastKnownFileType = image.png; path = "authenticaitoncancelButton@2x.png"; sourceTree = "<group>"; };
		8E2FC87516C6F19D0022B58C /* authenticaitonGoButton.png */ = {isa = PBXFileReference; lastKnownFileType = image.png; path = authenticaitonGoButton.png; sourceTree = "<group>"; };
		8E2FC87616C6F19D0022B58C /* authenticaitonGoButton@2x.png */ = {isa = PBXFileReference; lastKnownFileType = image.png; path = "authenticaitonGoButton@2x.png"; sourceTree = "<group>"; };
		8E2FC87716C6F19D0022B58C /* authenticaitonLoginView.png */ = {isa = PBXFileReference; lastKnownFileType = image.png; path = authenticaitonLoginView.png; sourceTree = "<group>"; };
		8E2FC87816C6F19D0022B58C /* authenticaitonLoginView@2x.png.png */ = {isa = PBXFileReference; lastKnownFileType = image.png; path = "authenticaitonLoginView@2x.png.png"; sourceTree = "<group>"; };
		8E2FC87916C6F19D0022B58C /* authenticaitonTextField.png */ = {isa = PBXFileReference; lastKnownFileType = image.png; path = authenticaitonTextField.png; sourceTree = "<group>"; };
		8E2FC87A16C6F19D0022B58C /* authenticaitonTextField@2x.png */ = {isa = PBXFileReference; lastKnownFileType = image.png; path = "authenticaitonTextField@2x.png"; sourceTree = "<group>"; };
		8E2FC87C16C6F19D0022B58C /* Default.png */ = {isa = PBXFileReference; lastKnownFileType = image.png; path = Default.png; sourceTree = "<group>"; };
		8E2FC87D16C6F19D0022B58C /* Default@2x.png */ = {isa = PBXFileReference; lastKnownFileType = image.png; path = "Default@2x.png"; sourceTree = "<group>"; };
		8E2FC87E16C6F19D0022B58C /* likesCard.png */ = {isa = PBXFileReference; lastKnownFileType = image.png; path = likesCard.png; sourceTree = "<group>"; };
		8E2FC87F16C6F19D0022B58C /* likesCard@2x.png */ = {isa = PBXFileReference; lastKnownFileType = image.png; path = "likesCard@2x.png"; sourceTree = "<group>"; };
		8E2FC88016C6F19D0022B58C /* personalRollCard.png */ = {isa = PBXFileReference; lastKnownFileType = image.png; path = personalRollCard.png; sourceTree = "<group>"; };
		8E2FC88116C6F19D0022B58C /* personalRollCard@2x.png */ = {isa = PBXFileReference; lastKnownFileType = image.png; path = "personalRollCard@2x.png"; sourceTree = "<group>"; };
		8E2FC88216C6F19D0022B58C /* streamCard.png */ = {isa = PBXFileReference; lastKnownFileType = image.png; path = streamCard.png; sourceTree = "<group>"; };
		8E2FC88316C6F19D0022B58C /* streamCard@2x.png */ = {isa = PBXFileReference; lastKnownFileType = image.png; path = "streamCard@2x.png"; sourceTree = "<group>"; };
		8E40AF6716A4B339007A66CA /* restartButton.png */ = {isa = PBXFileReference; lastKnownFileType = image.png; path = restartButton.png; sourceTree = "<group>"; };
		8E40AF6816A4B339007A66CA /* restartButton@2x.png */ = {isa = PBXFileReference; lastKnownFileType = image.png; path = "restartButton@2x.png"; sourceTree = "<group>"; };
		8E40AF6B16A4B6A7007A66CA /* infoPanel.png */ = {isa = PBXFileReference; lastKnownFileType = image.png; path = infoPanel.png; sourceTree = "<group>"; };
		8E40AF6C16A4B6A7007A66CA /* infoPanel@2x.png */ = {isa = PBXFileReference; lastKnownFileType = image.png; path = "infoPanel@2x.png"; sourceTree = "<group>"; };
		8E41EF2C16B0742400C831A4 /* BigButton.h */ = {isa = PBXFileReference; fileEncoding = 4; lastKnownFileType = sourcecode.c.h; path = BigButton.h; sourceTree = "<group>"; };
		8E41EF2D16B0742400C831A4 /* BigButton.m */ = {isa = PBXFileReference; fileEncoding = 4; lastKnownFileType = sourcecode.c.objc; path = BigButton.m; sourceTree = "<group>"; };
		8E4980AB1688C556007AF267 /* tempLogo.png */ = {isa = PBXFileReference; lastKnownFileType = image.png; path = tempLogo.png; sourceTree = "<group>"; };
		8E4980AC1688C556007AF267 /* tempLogo@2x.png */ = {isa = PBXFileReference; lastKnownFileType = image.png; path = "tempLogo@2x.png"; sourceTree = "<group>"; };
		8E4C55751666A9F90019DD15 /* SPOverlayView.h */ = {isa = PBXFileReference; fileEncoding = 4; lastKnownFileType = sourcecode.c.h; path = SPOverlayView.h; sourceTree = "<group>"; };
		8E4C55761666A9F90019DD15 /* SPOverlayView.m */ = {isa = PBXFileReference; fileEncoding = 4; lastKnownFileType = sourcecode.c.objc; path = SPOverlayView.m; sourceTree = "<group>"; };
		8E4F580A1635E05F0048585C /* CoreData.framework */ = {isa = PBXFileReference; lastKnownFileType = wrapper.framework; name = CoreData.framework; path = System/Library/Frameworks/CoreData.framework; sourceTree = SDKROOT; };
		8E50CDE716A9B9FC006B1ABE /* Icon-Small-50.png */ = {isa = PBXFileReference; lastKnownFileType = image.png; path = "Icon-Small-50.png"; sourceTree = SOURCE_ROOT; };
		8E50CDE816A9B9FC006B1ABE /* Icon-Small-50@2x.png */ = {isa = PBXFileReference; lastKnownFileType = image.png; path = "Icon-Small-50@2x.png"; sourceTree = SOURCE_ROOT; };
		8E50CDE916A9B9FC006B1ABE /* Icon.png */ = {isa = PBXFileReference; lastKnownFileType = image.png; path = Icon.png; sourceTree = SOURCE_ROOT; };
		8E50CDEA16A9B9FC006B1ABE /* Icon@2x.png */ = {isa = PBXFileReference; lastKnownFileType = image.png; path = "Icon@2x.png"; sourceTree = SOURCE_ROOT; };
		8E50CDEB16A9B9FC006B1ABE /* iTunesArtwork */ = {isa = PBXFileReference; lastKnownFileType = file; path = iTunesArtwork; sourceTree = SOURCE_ROOT; };
		8E50CDEC16A9B9FC006B1ABE /* iTunesArtwork@2x */ = {isa = PBXFileReference; lastKnownFileType = file; path = "iTunesArtwork@2x"; sourceTree = SOURCE_ROOT; };
		8E58294216657A500098FA3A /* SPConstants.h */ = {isa = PBXFileReference; lastKnownFileType = sourcecode.c.h; path = SPConstants.h; sourceTree = "<group>"; };
		8E59802E1680104A00027181 /* homeButton.png */ = {isa = PBXFileReference; lastKnownFileType = image.png; path = homeButton.png; sourceTree = "<group>"; };
		8E59802F1680104A00027181 /* homeButton@2x.png */ = {isa = PBXFileReference; lastKnownFileType = image.png; path = "homeButton@2x.png"; sourceTree = "<group>"; };
		8E5980321680104A00027181 /* pauseButton.png */ = {isa = PBXFileReference; lastKnownFileType = image.png; path = pauseButton.png; sourceTree = "<group>"; };
		8E5980331680104A00027181 /* pauseButton@2x.png */ = {isa = PBXFileReference; lastKnownFileType = image.png; path = "pauseButton@2x.png"; sourceTree = "<group>"; };
		8E5980341680104A00027181 /* playButton.png */ = {isa = PBXFileReference; lastKnownFileType = image.png; path = playButton.png; sourceTree = "<group>"; };
		8E5980351680104A00027181 /* playButton@2x.png */ = {isa = PBXFileReference; lastKnownFileType = image.png; path = "playButton@2x.png"; sourceTree = "<group>"; };
		8E59803A1680104A00027181 /* scrubberIcon.png */ = {isa = PBXFileReference; lastKnownFileType = image.png; path = scrubberIcon.png; sourceTree = "<group>"; };
		8E59803B1680104A00027181 /* scrubberIcon@2x.png */ = {isa = PBXFileReference; lastKnownFileType = image.png; path = "scrubberIcon@2x.png"; sourceTree = "<group>"; };
		8E5980401680104A00027181 /* videoListPanel.png */ = {isa = PBXFileReference; lastKnownFileType = image.png; path = videoListPanel.png; sourceTree = "<group>"; };
		8E5980411680104A00027181 /* videoListPanel@2x.png */ = {isa = PBXFileReference; lastKnownFileType = image.png; path = "videoListPanel@2x.png"; sourceTree = "<group>"; };
		8E5980421680104A00027181 /* videoPlayerBar.png */ = {isa = PBXFileReference; lastKnownFileType = image.png; path = videoPlayerBar.png; sourceTree = "<group>"; };
		8E5980431680104A00027181 /* videoPlayerBar@2x.png */ = {isa = PBXFileReference; lastKnownFileType = image.png; path = "videoPlayerBar@2x.png"; sourceTree = "<group>"; };
		8E6C2F4E16C3825000489EF6 /* User.h */ = {isa = PBXFileReference; fileEncoding = 4; lastKnownFileType = sourcecode.c.h; path = User.h; sourceTree = "<group>"; };
		8E6C2F4F16C3825000489EF6 /* User.m */ = {isa = PBXFileReference; fileEncoding = 4; lastKnownFileType = sourcecode.c.objc; path = User.m; sourceTree = "<group>"; };
		8E7247A71665B4560008F439 /* SPVideoExtractor.h */ = {isa = PBXFileReference; lastKnownFileType = sourcecode.c.h; path = SPVideoExtractor.h; sourceTree = "<group>"; };
		8E7247A81665B4560008F439 /* SPVideoExtractor.m */ = {isa = PBXFileReference; lastKnownFileType = sourcecode.c.objc; path = SPVideoExtractor.m; sourceTree = "<group>"; };
		8E82EDE71631ABDE0044D97E /* LoginViewController.h */ = {isa = PBXFileReference; fileEncoding = 4; lastKnownFileType = sourcecode.c.h; path = LoginViewController.h; sourceTree = "<group>"; };
		8E82EDE81631ABDE0044D97E /* LoginViewController.m */ = {isa = PBXFileReference; fileEncoding = 4; lastKnownFileType = sourcecode.c.objc; path = LoginViewController.m; sourceTree = "<group>"; };
		8E82EDE91631ABDE0044D97E /* LoginViewController.xib */ = {isa = PBXFileReference; fileEncoding = 4; lastKnownFileType = file.xib; path = LoginViewController.xib; sourceTree = "<group>"; };
		8E82EE0F1631C7AC0044D97E /* SystemConfiguration.framework */ = {isa = PBXFileReference; lastKnownFileType = wrapper.framework; name = SystemConfiguration.framework; path = System/Library/Frameworks/SystemConfiguration.framework; sourceTree = SDKROOT; };
		8E82EE111631C7B90044D97E /* MobileCoreServices.framework */ = {isa = PBXFileReference; lastKnownFileType = wrapper.framework; name = MobileCoreServices.framework; path = System/Library/Frameworks/MobileCoreServices.framework; sourceTree = SDKROOT; };
		8E888986166FB0B40040D28D /* ShelbyAPIClient.h */ = {isa = PBXFileReference; fileEncoding = 4; lastKnownFileType = sourcecode.c.h; path = ShelbyAPIClient.h; sourceTree = "<group>"; };
		8E888987166FB0B40040D28D /* ShelbyAPIClient.m */ = {isa = PBXFileReference; fileEncoding = 4; lastKnownFileType = sourcecode.c.objc; path = ShelbyAPIClient.m; sourceTree = "<group>"; };
		8E8939E316C19F5100AE7B4F /* Creator.h */ = {isa = PBXFileReference; fileEncoding = 4; lastKnownFileType = sourcecode.c.h; path = Creator.h; sourceTree = "<group>"; };
		8E8939E416C19F5100AE7B4F /* Creator.m */ = {isa = PBXFileReference; fileEncoding = 4; lastKnownFileType = sourcecode.c.objc; path = Creator.m; sourceTree = "<group>"; };
		8E8939E616C19F5100AE7B4F /* Frame.h */ = {isa = PBXFileReference; fileEncoding = 4; lastKnownFileType = sourcecode.c.h; path = Frame.h; sourceTree = "<group>"; };
		8E8939E716C19F5100AE7B4F /* Frame.m */ = {isa = PBXFileReference; fileEncoding = 4; lastKnownFileType = sourcecode.c.objc; path = Frame.m; sourceTree = "<group>"; };
		8E8939EF16C19F5200AE7B4F /* Messages.h */ = {isa = PBXFileReference; fileEncoding = 4; lastKnownFileType = sourcecode.c.h; path = Messages.h; sourceTree = "<group>"; };
		8E8939F016C19F5200AE7B4F /* Messages.m */ = {isa = PBXFileReference; fileEncoding = 4; lastKnownFileType = sourcecode.c.objc; path = Messages.m; sourceTree = "<group>"; };
		8E8939F216C19F5200AE7B4F /* Stream.h */ = {isa = PBXFileReference; fileEncoding = 4; lastKnownFileType = sourcecode.c.h; path = Stream.h; sourceTree = "<group>"; };
		8E8939F316C19F5200AE7B4F /* Stream.m */ = {isa = PBXFileReference; fileEncoding = 4; lastKnownFileType = sourcecode.c.objc; path = Stream.m; sourceTree = "<group>"; };
		8E8939F816C19F5200AE7B4F /* Roll.h */ = {isa = PBXFileReference; fileEncoding = 4; lastKnownFileType = sourcecode.c.h; path = Roll.h; sourceTree = "<group>"; };
		8E8939F916C19F5200AE7B4F /* Roll.m */ = {isa = PBXFileReference; fileEncoding = 4; lastKnownFileType = sourcecode.c.objc; path = Roll.m; sourceTree = "<group>"; };
		8E8939FE16C19F5200AE7B4F /* Video.h */ = {isa = PBXFileReference; fileEncoding = 4; lastKnownFileType = sourcecode.c.h; path = Video.h; sourceTree = "<group>"; };
		8E8939FF16C19F5200AE7B4F /* Video.m */ = {isa = PBXFileReference; fileEncoding = 4; lastKnownFileType = sourcecode.c.objc; path = Video.m; sourceTree = "<group>"; };
		8E893A0416C1A0D300AE7B4F /* Conversation.h */ = {isa = PBXFileReference; fileEncoding = 4; lastKnownFileType = sourcecode.c.h; path = Conversation.h; sourceTree = "<group>"; };
		8E893A0516C1A0D300AE7B4F /* Conversation.m */ = {isa = PBXFileReference; fileEncoding = 4; lastKnownFileType = sourcecode.c.objc; path = Conversation.m; sourceTree = "<group>"; };
		8E893A1616C1F81C00AE7B4F /* Group.h */ = {isa = PBXFileReference; fileEncoding = 4; lastKnownFileType = sourcecode.c.h; path = Group.h; sourceTree = "<group>"; };
		8E893A1716C1F81C00AE7B4F /* Group.m */ = {isa = PBXFileReference; fileEncoding = 4; lastKnownFileType = sourcecode.c.objc; path = Group.m; sourceTree = "<group>"; };
		8E893A1916C1F81D00AE7B4F /* GroupRoll.h */ = {isa = PBXFileReference; fileEncoding = 4; lastKnownFileType = sourcecode.c.h; path = GroupRoll.h; sourceTree = "<group>"; };
		8E893A1A16C1F81D00AE7B4F /* GroupRoll.m */ = {isa = PBXFileReference; fileEncoding = 4; lastKnownFileType = sourcecode.c.objc; path = GroupRoll.m; sourceTree = "<group>"; };
		8E9182CE16B857D100F2BDCF /* BrowseViewController.h */ = {isa = PBXFileReference; fileEncoding = 4; lastKnownFileType = sourcecode.c.h; path = BrowseViewController.h; sourceTree = "<group>"; };
		8E9182CF16B857D100F2BDCF /* BrowseViewController.m */ = {isa = PBXFileReference; fileEncoding = 4; lastKnownFileType = sourcecode.c.objc; path = BrowseViewController.m; sourceTree = "<group>"; };
		8E9182D016B857D100F2BDCF /* BrowseViewController.xib */ = {isa = PBXFileReference; fileEncoding = 4; lastKnownFileType = file.xib; path = BrowseViewController.xib; sourceTree = "<group>"; };
		8E9182D616B86E1700F2BDCF /* BrowseCell.h */ = {isa = PBXFileReference; fileEncoding = 4; lastKnownFileType = sourcecode.c.h; path = BrowseCell.h; sourceTree = "<group>"; };
		8E9182D716B86E1700F2BDCF /* BrowseCell.m */ = {isa = PBXFileReference; fileEncoding = 4; lastKnownFileType = sourcecode.c.objc; path = BrowseCell.m; sourceTree = "<group>"; };
		8E9182DD16B8921C00F2BDCF /* Shelby.xcdatamodel */ = {isa = PBXFileReference; lastKnownFileType = wrapper.xcdatamodel; path = Shelby.xcdatamodel; sourceTree = "<group>"; };
		8E9F326F1683F4040049EECD /* scrubberBarOff.png */ = {isa = PBXFileReference; lastKnownFileType = image.png; path = scrubberBarOff.png; sourceTree = "<group>"; };
		8E9F32701683F4040049EECD /* scrubberBarOff@2x.png */ = {isa = PBXFileReference; lastKnownFileType = image.png; path = "scrubberBarOff@2x.png"; sourceTree = "<group>"; };
		8EA2CB2116729AC700D59B73 /* SPVideoItemView.h */ = {isa = PBXFileReference; fileEncoding = 4; lastKnownFileType = sourcecode.c.h; path = SPVideoItemView.h; sourceTree = "<group>"; };
		8EA2CB2216729AC700D59B73 /* SPVideoItemView.m */ = {isa = PBXFileReference; fileEncoding = 4; lastKnownFileType = sourcecode.c.objc; path = SPVideoItemView.m; sourceTree = "<group>"; };
		8EA2CB2516729E8700D59B73 /* SPVideoItemView.xib */ = {isa = PBXFileReference; fileEncoding = 4; lastKnownFileType = file.xib; path = SPVideoItemView.xib; sourceTree = "<group>"; };
		8EAAEE52163A275400AEF100 /* APIConstants.h */ = {isa = PBXFileReference; lastKnownFileType = sourcecode.c.h; path = APIConstants.h; sourceTree = "<group>"; };
		8EAAEE53163A27C100AEF100 /* CoreDataConstants.h */ = {isa = PBXFileReference; lastKnownFileType = sourcecode.c.h; path = CoreDataConstants.h; sourceTree = "<group>"; };
		8EAAEE59163A29A900AEF100 /* CoreDataUtility.h */ = {isa = PBXFileReference; lastKnownFileType = sourcecode.c.h; path = CoreDataUtility.h; sourceTree = "<group>"; };
		8EAAEE5A163A29A900AEF100 /* CoreDataUtility.m */ = {isa = PBXFileReference; lastKnownFileType = sourcecode.c.objc; path = CoreDataUtility.m; sourceTree = "<group>"; };
		8EAAEE63163A314700AEF100 /* NSString+CoreDataNullTest.h */ = {isa = PBXFileReference; fileEncoding = 4; lastKnownFileType = sourcecode.c.h; path = "NSString+CoreDataNullTest.h"; sourceTree = "<group>"; };
		8EAAEE64163A314700AEF100 /* NSString+CoreDataNullTest.m */ = {isa = PBXFileReference; fileEncoding = 4; lastKnownFileType = sourcecode.c.objc; path = "NSString+CoreDataNullTest.m"; sourceTree = "<group>"; };
		8EB3B18B16AF68A5008587FD /* MediaPlayer.framework */ = {isa = PBXFileReference; lastKnownFileType = wrapper.framework; name = MediaPlayer.framework; path = System/Library/Frameworks/MediaPlayer.framework; sourceTree = SDKROOT; };
		8EB3B19616AF9E96008587FD /* Panhandler.h */ = {isa = PBXFileReference; fileEncoding = 4; lastKnownFileType = sourcecode.c.h; path = Panhandler.h; sourceTree = "<group>"; };
		8EB3B19716AF9E96008587FD /* Panhandler.m */ = {isa = PBXFileReference; fileEncoding = 4; lastKnownFileType = sourcecode.c.objc; path = Panhandler.m; sourceTree = "<group>"; };
		8EB3B19A16AFA7F9008587FD /* SPModel.h */ = {isa = PBXFileReference; fileEncoding = 4; lastKnownFileType = sourcecode.c.h; path = SPModel.h; sourceTree = "<group>"; };
		8EB3B19B16AFA7F9008587FD /* SPModel.m */ = {isa = PBXFileReference; fileEncoding = 4; lastKnownFileType = sourcecode.c.objc; path = SPModel.m; sourceTree = "<group>"; };
		8EB950511665BCF100E965E0 /* SPVideoPlayer.h */ = {isa = PBXFileReference; lastKnownFileType = sourcecode.c.h; path = SPVideoPlayer.h; sourceTree = "<group>"; };
		8EB950521665BCF100E965E0 /* SPVideoPlayer.m */ = {isa = PBXFileReference; lastKnownFileType = sourcecode.c.objc; path = SPVideoPlayer.m; sourceTree = "<group>"; };
		8EB950551665BD4000E965E0 /* SPVideoReel.h */ = {isa = PBXFileReference; lastKnownFileType = sourcecode.c.h; path = SPVideoReel.h; sourceTree = "<group>"; };
		8EB950561665BD4000E965E0 /* SPVideoReel.m */ = {isa = PBXFileReference; lastKnownFileType = sourcecode.c.objc; path = SPVideoReel.m; sourceTree = "<group>"; };
		8ED3159116AD1F5E00B177EC /* UIColor+ColorWithHexAndAlpha.h */ = {isa = PBXFileReference; fileEncoding = 4; lastKnownFileType = sourcecode.c.h; path = "UIColor+ColorWithHexAndAlpha.h"; sourceTree = "<group>"; };
		8ED3159216AD1F5E00B177EC /* UIColor+ColorWithHexAndAlpha.m */ = {isa = PBXFileReference; fileEncoding = 4; lastKnownFileType = sourcecode.c.objc; path = "UIColor+ColorWithHexAndAlpha.m"; sourceTree = "<group>"; };
		8EE5FAB71685622900DBEA13 /* Crashlytics.framework */ = {isa = PBXFileReference; lastKnownFileType = wrapper.framework; name = Crashlytics.framework; path = Shelby.tv/Crashlytics.framework; sourceTree = "<group>"; };
		8EEED7A516800DAC00D9F4CD /* Ubuntu-B.ttf */ = {isa = PBXFileReference; lastKnownFileType = file; path = "Ubuntu-B.ttf"; sourceTree = "<group>"; };
		8EEED7A616800DAC00D9F4CD /* Ubuntu-M.ttf */ = {isa = PBXFileReference; lastKnownFileType = file; path = "Ubuntu-M.ttf"; sourceTree = "<group>"; };
		8EEED7A716800DAC00D9F4CD /* Ubuntu-R.ttf */ = {isa = PBXFileReference; lastKnownFileType = file; path = "Ubuntu-R.ttf"; sourceTree = "<group>"; };
		8EF092361662A325008EE1DD /* Structures.h */ = {isa = PBXFileReference; lastKnownFileType = sourcecode.c.h; path = Structures.h; sourceTree = "<group>"; };
		8EF5C35A162F42470075C35F /* AVFoundation.framework */ = {isa = PBXFileReference; lastKnownFileType = wrapper.framework; name = AVFoundation.framework; path = System/Library/Frameworks/AVFoundation.framework; sourceTree = SDKROOT; };
		8EF5C35C162F431B0075C35F /* Constants.h */ = {isa = PBXFileReference; lastKnownFileType = sourcecode.c.h; path = Constants.h; sourceTree = "<group>"; };
/* End PBXFileReference section */

/* Begin PBXFrameworksBuildPhase section */
		8E20970A162F3A60000A2DFD /* Frameworks */ = {
			isa = PBXFrameworksBuildPhase;
			buildActionMask = 2147483647;
			files = (
				8EB3B18C16AF68A5008587FD /* MediaPlayer.framework in Frameworks */,
				8E285DE7168124FC002A7935 /* QuartzCore.framework in Frameworks */,
				8E1B2E9B16700B1F00D2C0DC /* CoreMedia.framework in Frameworks */,
				8E4F580B1635E05F0048585C /* CoreData.framework in Frameworks */,
				8E82EE121631C7B90044D97E /* MobileCoreServices.framework in Frameworks */,
				8E82EE101631C7AC0044D97E /* SystemConfiguration.framework in Frameworks */,
				8EF5C35B162F42470075C35F /* AVFoundation.framework in Frameworks */,
				8E209712162F3A60000A2DFD /* UIKit.framework in Frameworks */,
				8E209714162F3A60000A2DFD /* Foundation.framework in Frameworks */,
				8E209716162F3A60000A2DFD /* CoreGraphics.framework in Frameworks */,
				8EE5FAB81685622900DBEA13 /* Crashlytics.framework in Frameworks */,
			);
			runOnlyForDeploymentPostprocessing = 0;
		};
/* End PBXFrameworksBuildPhase section */

/* Begin PBXGroup section */
		8E091750168536F900503EF9 /* Icons and Launch Images */ = {
			isa = PBXGroup;
			children = (
				8E209723162F3A61000A2DFD /* Default.png */,
				8E209725162F3A61000A2DFD /* Default@2x.png */,
				8E50CDE716A9B9FC006B1ABE /* Icon-Small-50.png */,
				8E50CDE816A9B9FC006B1ABE /* Icon-Small-50@2x.png */,
				8E50CDE916A9B9FC006B1ABE /* Icon.png */,
				8E50CDEA16A9B9FC006B1ABE /* Icon@2x.png */,
				8E50CDEB16A9B9FC006B1ABE /* iTunesArtwork */,
				8E50CDEC16A9B9FC006B1ABE /* iTunesArtwork@2x */,
			);
			name = "Icons and Launch Images";
			sourceTree = "<group>";
		};
		8E0E7031163869B800BA0A24 /* Core Data */ = {
			isa = PBXGroup;
			children = (
				8E9182DC16B8921C00F2BDCF /* Shelby.xcdatamodeld */,
				8E6C2F4E16C3825000489EF6 /* User.h */,
				8E6C2F4F16C3825000489EF6 /* User.m */,
				8E893A1616C1F81C00AE7B4F /* Group.h */,
				8E893A1716C1F81C00AE7B4F /* Group.m */,
				8E893A1916C1F81D00AE7B4F /* GroupRoll.h */,
				8E893A1A16C1F81D00AE7B4F /* GroupRoll.m */,
				8E893A0416C1A0D300AE7B4F /* Conversation.h */,
				8E893A0516C1A0D300AE7B4F /* Conversation.m */,
				8E8939E316C19F5100AE7B4F /* Creator.h */,
				8E8939E416C19F5100AE7B4F /* Creator.m */,
				8E8939E616C19F5100AE7B4F /* Frame.h */,
				8E8939E716C19F5100AE7B4F /* Frame.m */,
				8E8939EF16C19F5200AE7B4F /* Messages.h */,
				8E8939F016C19F5200AE7B4F /* Messages.m */,
				8E8939F216C19F5200AE7B4F /* Stream.h */,
				8E8939F316C19F5200AE7B4F /* Stream.m */,
				8E8939F816C19F5200AE7B4F /* Roll.h */,
				8E8939F916C19F5200AE7B4F /* Roll.m */,
				8E8939FE16C19F5200AE7B4F /* Video.h */,
				8E8939FF16C19F5200AE7B4F /* Video.m */,
			);
			name = "Core Data";
			sourceTree = "<group>";
		};
		8E10187D1686695D009698B3 /* Asynchronous-Freeloader */ = {
			isa = PBXGroup;
			children = (
				8E10187F1686695D009698B3 /* AsynchronousFreeloader.h */,
				8E1018801686695D009698B3 /* AsynchronousFreeloader.m */,
			);
			path = "Asynchronous-Freeloader";
			sourceTree = "<group>";
		};
		8E1018861686696B009698B3 /* AFNetworking */ = {
			isa = PBXGroup;
			children = (
				8E1018871686696B009698B3 /* AFHTTPClient.h */,
				8E1018881686696B009698B3 /* AFHTTPClient.m */,
				8E1018891686696B009698B3 /* AFHTTPRequestOperation.h */,
				8E10188A1686696B009698B3 /* AFHTTPRequestOperation.m */,
				8E10188B1686696B009698B3 /* AFImageRequestOperation.h */,
				8E10188C1686696B009698B3 /* AFImageRequestOperation.m */,
				8E10188D1686696B009698B3 /* AFJSONRequestOperation.h */,
				8E10188E1686696B009698B3 /* AFJSONRequestOperation.m */,
				8E10188F1686696B009698B3 /* AFNetworkActivityIndicatorManager.h */,
				8E1018901686696B009698B3 /* AFNetworkActivityIndicatorManager.m */,
				8E1018911686696B009698B3 /* AFNetworking.h */,
				8E1018921686696B009698B3 /* AFPropertyListRequestOperation.h */,
				8E1018931686696B009698B3 /* AFPropertyListRequestOperation.m */,
				8E1018941686696B009698B3 /* AFURLConnectionOperation.h */,
				8E1018951686696B009698B3 /* AFURLConnectionOperation.m */,
				8E1018961686696B009698B3 /* AFXMLRequestOperation.h */,
				8E1018971686696B009698B3 /* AFXMLRequestOperation.m */,
				8E1018981686696B009698B3 /* UIImageView+AFNetworking.h */,
				8E1018991686696B009698B3 /* UIImageView+AFNetworking.m */,
			);
			path = AFNetworking;
			sourceTree = "<group>";
		};
		8E209702162F3A60000A2DFD = {
			isa = PBXGroup;
			children = (
				8E209717162F3A61000A2DFD /* Shelby.tv */,
				8E82EDF11631C7770044D97E /* External Libraries */,
				8E32BF86167FA58400753723 /* Assets */,
				8E209710162F3A60000A2DFD /* Frameworks */,
				8E20970E162F3A60000A2DFD /* Products */,
			);
			sourceTree = "<group>";
		};
		8E20970E162F3A60000A2DFD /* Products */ = {
			isa = PBXGroup;
			children = (
				8E20970D162F3A60000A2DFD /* Shelby.tv.app */,
			);
			name = Products;
			sourceTree = "<group>";
		};
		8E209710162F3A60000A2DFD /* Frameworks */ = {
			isa = PBXGroup;
			children = (
				8EB3B18B16AF68A5008587FD /* MediaPlayer.framework */,
				8EE5FAB71685622900DBEA13 /* Crashlytics.framework */,
				8E285DE6168124FC002A7935 /* QuartzCore.framework */,
				8E1B2E9A16700B1F00D2C0DC /* CoreMedia.framework */,
				8E82EE111631C7B90044D97E /* MobileCoreServices.framework */,
				8E82EE0F1631C7AC0044D97E /* SystemConfiguration.framework */,
				8EF5C35A162F42470075C35F /* AVFoundation.framework */,
				8E209711162F3A60000A2DFD /* UIKit.framework */,
				8E209713162F3A60000A2DFD /* Foundation.framework */,
				8E209715162F3A60000A2DFD /* CoreGraphics.framework */,
				8E4F580A1635E05F0048585C /* CoreData.framework */,
			);
			name = Frameworks;
			sourceTree = "<group>";
		};
		8E209717162F3A61000A2DFD /* Shelby.tv */ = {
			isa = PBXGroup;
			children = (
				8E98F7B3165C2F750095E985 /* ShelbyPlayer */,
				8EF5C353162F41C70075C35F /* Models */,
				8EF5C351162F41BA0075C35F /* Views */,
				8EF5C354162F41CC0075C35F /* Controllers */,
				8EF5C352162F41BF0075C35F /* View Controllers */,
				8E0E7031163869B800BA0A24 /* Core Data */,
				8EF5C355162F41D20075C35F /* Constants */,
				8EAAEE58163A286B00AEF100 /* Categories */,
				8E209718162F3A61000A2DFD /* Supporting Files */,
			);
			path = Shelby.tv;
			sourceTree = "<group>";
		};
		8E209718162F3A61000A2DFD /* Supporting Files */ = {
			isa = PBXGroup;
			children = (
				8E091750168536F900503EF9 /* Icons and Launch Images */,
				8E209719162F3A61000A2DFD /* Shelby.tv-Info.plist */,
				8E20971A162F3A61000A2DFD /* InfoPlist.strings */,
				8E20971D162F3A61000A2DFD /* main.m */,
				8E20971F162F3A61000A2DFD /* Shelby.tv-Prefix.pch */,
			);
			name = "Supporting Files";
			sourceTree = "<group>";
		};
		8E2FC87216C6F19D0022B58C /* Login & Signup Images */ = {
			isa = PBXGroup;
			children = (
				8E2FC87316C6F19D0022B58C /* authenticaitoncancelButton.png */,
				8E2FC87416C6F19D0022B58C /* authenticaitoncancelButton@2x.png */,
				8E2FC87516C6F19D0022B58C /* authenticaitonGoButton.png */,
				8E2FC87616C6F19D0022B58C /* authenticaitonGoButton@2x.png */,
				8E2FC87716C6F19D0022B58C /* authenticaitonLoginView.png */,
				8E2FC87816C6F19D0022B58C /* authenticaitonLoginView@2x.png.png */,
				8E2FC87916C6F19D0022B58C /* authenticaitonTextField.png */,
				8E2FC87A16C6F19D0022B58C /* authenticaitonTextField@2x.png */,
			);
			path = "Login & Signup Images";
			sourceTree = "<group>";
		};
		8E2FC87B16C6F19D0022B58C /* Me & Browse Images */ = {
			isa = PBXGroup;
			children = (
				8E2FC87C16C6F19D0022B58C /* Default.png */,
				8E2FC87D16C6F19D0022B58C /* Default@2x.png */,
				8E2FC87E16C6F19D0022B58C /* likesCard.png */,
				8E2FC87F16C6F19D0022B58C /* likesCard@2x.png */,
				8E2FC88016C6F19D0022B58C /* personalRollCard.png */,
				8E2FC88116C6F19D0022B58C /* personalRollCard@2x.png */,
				8E2FC88216C6F19D0022B58C /* streamCard.png */,
				8E2FC88316C6F19D0022B58C /* streamCard@2x.png */,
			);
			path = "Me & Browse Images";
			sourceTree = "<group>";
		};
		8E32BF86167FA58400753723 /* Assets */ = {
			isa = PBXGroup;
			children = (
				8E4980AB1688C556007AF267 /* tempLogo.png */,
				8E4980AC1688C556007AF267 /* tempLogo@2x.png */,
				8E2FC87216C6F19D0022B58C /* Login & Signup Images */,
				8E2FC87B16C6F19D0022B58C /* Me & Browse Images */,
				8E5980291680104A00027181 /* Shelby Player Images */,
				8EEED7A416800DAC00D9F4CD /* Fonts */,
			);
			name = Assets;
			path = ../Assets;
			sourceTree = "<group>";
		};
		8E5980291680104A00027181 /* Shelby Player Images */ = {
			isa = PBXGroup;
			children = (
				8E40AF6B16A4B6A7007A66CA /* infoPanel.png */,
				8E40AF6C16A4B6A7007A66CA /* infoPanel@2x.png */,
				8E40AF6716A4B339007A66CA /* restartButton.png */,
				8E40AF6816A4B339007A66CA /* restartButton@2x.png */,
				8E9F326F1683F4040049EECD /* scrubberBarOff.png */,
				8E9F32701683F4040049EECD /* scrubberBarOff@2x.png */,
				8E12B17C16825B4100657D32 /* actionButton.png */,
				8E12B17D16825B4100657D32 /* actionButton@2x.png */,
				8E12B18016825B4100657D32 /* videoListThumbnail.png */,
				8E12B18116825B4100657D32 /* videoListThumbnail@2x.png */,
				8E12B18216825B4100657D32 /* videoListThumbnailOverlay.png */,
				8E12B18316825B4100657D32 /* videoListThumbnailOverlay@2x.png */,
				8E59802E1680104A00027181 /* homeButton.png */,
				8E59802F1680104A00027181 /* homeButton@2x.png */,
				8E285DE11680F82C002A7935 /* infoPanelIconPlaceholder.png */,
				8E285DE21680F82C002A7935 /* infoPanelIconPlaceholder@2x.png */,
				8E5980321680104A00027181 /* pauseButton.png */,
				8E5980331680104A00027181 /* pauseButton@2x.png */,
				8E5980341680104A00027181 /* playButton.png */,
				8E5980351680104A00027181 /* playButton@2x.png */,
				8E59803A1680104A00027181 /* scrubberIcon.png */,
				8E59803B1680104A00027181 /* scrubberIcon@2x.png */,
				8E5980401680104A00027181 /* videoListPanel.png */,
				8E5980411680104A00027181 /* videoListPanel@2x.png */,
				8E5980421680104A00027181 /* videoPlayerBar.png */,
				8E5980431680104A00027181 /* videoPlayerBar@2x.png */,
			);
			path = "Shelby Player Images";
			sourceTree = "<group>";
		};
		8E68A1C916C0C4F00031C3D2 /* Models */ = {
			isa = PBXGroup;
			children = (
				8EB3B19A16AFA7F9008587FD /* SPModel.h */,
				8EB3B19B16AFA7F9008587FD /* SPModel.m */,
			);
			name = Models;
			sourceTree = "<group>";
		};
		8E68A1CA16C0C4F70031C3D2 /* Xibs */ = {
			isa = PBXGroup;
			children = (
				8EA2CB2516729E8700D59B73 /* SPVideoItemView.xib */,
				8E0357841666B86600C214D8 /* SPOverlayView.xib */,
			);
			name = Xibs;
			sourceTree = "<group>";
		};
		8E68A1CB16C0C4FC0031C3D2 /* Views */ = {
			isa = PBXGroup;
			children = (
				8E68A1CA16C0C4F70031C3D2 /* Xibs */,
				8E4C55751666A9F90019DD15 /* SPOverlayView.h */,
				8E4C55761666A9F90019DD15 /* SPOverlayView.m */,
				8EA2CB2116729AC700D59B73 /* SPVideoItemView.h */,
				8EA2CB2216729AC700D59B73 /* SPVideoItemView.m */,
			);
			name = Views;
			sourceTree = "<group>";
		};
		8E68A1CC16C0C51D0031C3D2 /* View Controllers */ = {
			isa = PBXGroup;
			children = (
				8EB950511665BCF100E965E0 /* SPVideoPlayer.h */,
				8EB950521665BCF100E965E0 /* SPVideoPlayer.m */,
				8EB950551665BD4000E965E0 /* SPVideoReel.h */,
				8EB950561665BD4000E965E0 /* SPVideoReel.m */,
			);
			name = "View Controllers";
			sourceTree = "<group>";
		};
		8E68A1CD16C0C5250031C3D2 /* Controllers */ = {
			isa = PBXGroup;
			children = (
				8E7247A71665B4560008F439 /* SPVideoExtractor.h */,
				8E7247A81665B4560008F439 /* SPVideoExtractor.m */,
				8E0CFE1116C4A87F009620F9 /* SPVideoScrubber.h */,
				8E0CFE1216C4A87F009620F9 /* SPVideoScrubber.m */,
			);
			name = Controllers;
			sourceTree = "<group>";
		};
		8E68A1CE16C0C52D0031C3D2 /* Constants */ = {
			isa = PBXGroup;
			children = (
				8E58294216657A500098FA3A /* SPConstants.h */,
			);
			name = Constants;
			sourceTree = "<group>";
		};
		8E82EDF11631C7770044D97E /* External Libraries */ = {
			isa = PBXGroup;
			children = (
				8E1018861686696B009698B3 /* AFNetworking */,
				8E10187D1686695D009698B3 /* Asynchronous-Freeloader */,
				8EB3B19516AF9E96008587FD /* Panhandler */,
			);
			name = "External Libraries";
			path = Shelby.tv;
			sourceTree = "<group>";
		};
		8E98F7B3165C2F750095E985 /* ShelbyPlayer */ = {
			isa = PBXGroup;
			children = (
				8E68A1C916C0C4F00031C3D2 /* Models */,
				8E68A1CB16C0C4FC0031C3D2 /* Views */,
				8E68A1CD16C0C5250031C3D2 /* Controllers */,
				8E68A1CC16C0C51D0031C3D2 /* View Controllers */,
				8E68A1CE16C0C52D0031C3D2 /* Constants */,
			);
			name = ShelbyPlayer;
			sourceTree = "<group>";
		};
		8EAAEE58163A286B00AEF100 /* Categories */ = {
			isa = PBXGroup;
			children = (
				8E0132D916A7CC9C00195D9A /* NSDate+DateFromBSONObjectID.h */,
				8E0132DA16A7CC9C00195D9A /* NSDate+DateFromBSONObjectID.m */,
				8EAAEE63163A314700AEF100 /* NSString+CoreDataNullTest.h */,
				8EAAEE64163A314700AEF100 /* NSString+CoreDataNullTest.m */,
				8ED3159116AD1F5E00B177EC /* UIColor+ColorWithHexAndAlpha.h */,
				8ED3159216AD1F5E00B177EC /* UIColor+ColorWithHexAndAlpha.m */,
				8E0CFE1416C4C54E009620F9 /* UIScreen+Resolution.h */,
				8E0CFE1516C4C54E009620F9 /* UIScreen+Resolution.m */,
			);
			name = Categories;
			sourceTree = "<group>";
		};
		8EB3B19516AF9E96008587FD /* Panhandler */ = {
			isa = PBXGroup;
			children = (
				8EB3B19616AF9E96008587FD /* Panhandler.h */,
				8EB3B19716AF9E96008587FD /* Panhandler.m */,
			);
			name = Panhandler;
			path = Shelby.tv/Panhandler;
			sourceTree = SOURCE_ROOT;
		};
		8EEED7A416800DAC00D9F4CD /* Fonts */ = {
			isa = PBXGroup;
			children = (
				8EEED7A516800DAC00D9F4CD /* Ubuntu-B.ttf */,
				8EEED7A616800DAC00D9F4CD /* Ubuntu-M.ttf */,
				8EEED7A716800DAC00D9F4CD /* Ubuntu-R.ttf */,
			);
			path = Fonts;
			sourceTree = "<group>";
		};
		8EF5C350162F41B00075C35F /* Xibs */ = {
			isa = PBXGroup;
			children = (
				8E82EDE91631ABDE0044D97E /* LoginViewController.xib */,
				8E1FAB9716652E6E00A565BF /* MeViewController.xib */,
			);
			name = Xibs;
			sourceTree = "<group>";
		};
		8EF5C351162F41BA0075C35F /* Views */ = {
			isa = PBXGroup;
			children = (
				8EF5C350162F41B00075C35F /* Xibs */,
				8E1B2EA316703BE500D2C0DC /* TopAlignedLabel.h */,
				8E1B2EA416703BE500D2C0DC /* TopAlignedLabel.m */,
				8E41EF2C16B0742400C831A4 /* BigButton.h */,
				8E41EF2D16B0742400C831A4 /* BigButton.m */,
				8E9182D616B86E1700F2BDCF /* BrowseCell.h */,
				8E9182D716B86E1700F2BDCF /* BrowseCell.m */,
			);
			name = Views;
			sourceTree = "<group>";
		};
		8EF5C352162F41BF0075C35F /* View Controllers */ = {
			isa = PBXGroup;
			children = (
				8E82EDE71631ABDE0044D97E /* LoginViewController.h */,
				8E82EDE81631ABDE0044D97E /* LoginViewController.m */,
				8E1FAB9516652E6E00A565BF /* MeViewController.h */,
				8E1FAB9616652E6E00A565BF /* MeViewController.m */,
				8E9182CE16B857D100F2BDCF /* BrowseViewController.h */,
				8E9182CF16B857D100F2BDCF /* BrowseViewController.m */,
				8E9182D016B857D100F2BDCF /* BrowseViewController.xib */,
			);
			name = "View Controllers";
			sourceTree = "<group>";
		};
		8EF5C353162F41C70075C35F /* Models */ = {
			isa = PBXGroup;
			children = (
				8E209720162F3A61000A2DFD /* AppDelegate.h */,
				8E209721162F3A61000A2DFD /* AppDelegate.m */,
			);
			name = Models;
			sourceTree = "<group>";
		};
		8EF5C354162F41CC0075C35F /* Controllers */ = {
			isa = PBXGroup;
			children = (
				8EAAEE59163A29A900AEF100 /* CoreDataUtility.h */,
				8EAAEE5A163A29A900AEF100 /* CoreDataUtility.m */,
				8E888986166FB0B40040D28D /* ShelbyAPIClient.h */,
				8E888987166FB0B40040D28D /* ShelbyAPIClient.m */,
			);
			name = Controllers;
			sourceTree = "<group>";
		};
		8EF5C355162F41D20075C35F /* Constants */ = {
			isa = PBXGroup;
			children = (
				8EF5C35C162F431B0075C35F /* Constants.h */,
				8EF092361662A325008EE1DD /* Structures.h */,
				8EAAEE52163A275400AEF100 /* APIConstants.h */,
				8EAAEE53163A27C100AEF100 /* CoreDataConstants.h */,
			);
			name = Constants;
			sourceTree = "<group>";
		};
/* End PBXGroup section */

/* Begin PBXNativeTarget section */
		8E20970C162F3A60000A2DFD /* Shelby.tv */ = {
			isa = PBXNativeTarget;
			buildConfigurationList = 8E20973F162F3A61000A2DFD /* Build configuration list for PBXNativeTarget "Shelby.tv" */;
			buildPhases = (
				8E209709162F3A60000A2DFD /* Sources */,
				8E20970A162F3A60000A2DFD /* Frameworks */,
				8E20970B162F3A60000A2DFD /* Resources */,
				8EDB513A1685608700B4DB3B /* ShellScript */,
			);
			buildRules = (
			);
			dependencies = (
			);
			name = Shelby.tv;
			productName = Shelby.tv;
			productReference = 8E20970D162F3A60000A2DFD /* Shelby.tv.app */;
			productType = "com.apple.product-type.application";
		};
/* End PBXNativeTarget section */

/* Begin PBXProject section */
		8E209704162F3A60000A2DFD /* Project object */ = {
			isa = PBXProject;
			attributes = {
				LastUpgradeCheck = 0450;
				ORGANIZATIONNAME = "Arthur Ariel Sabintsev";
			};
			buildConfigurationList = 8E209707162F3A60000A2DFD /* Build configuration list for PBXProject "Shelby.tv" */;
			compatibilityVersion = "Xcode 3.2";
			developmentRegion = English;
			hasScannedForEncodings = 0;
			knownRegions = (
				en,
			);
			mainGroup = 8E209702162F3A60000A2DFD;
			productRefGroup = 8E20970E162F3A60000A2DFD /* Products */;
			projectDirPath = "";
			projectRoot = "";
			targets = (
				8E20970C162F3A60000A2DFD /* Shelby.tv */,
			);
		};
/* End PBXProject section */

/* Begin PBXResourcesBuildPhase section */
		8E20970B162F3A60000A2DFD /* Resources */ = {
			isa = PBXResourcesBuildPhase;
			buildActionMask = 2147483647;
			files = (
				8E20971C162F3A61000A2DFD /* InfoPlist.strings in Resources */,
				8E209724162F3A61000A2DFD /* Default.png in Resources */,
				8E209726162F3A61000A2DFD /* Default@2x.png in Resources */,
				8E82EDEB1631ABDE0044D97E /* LoginViewController.xib in Resources */,
				8E0357851666B86600C214D8 /* SPOverlayView.xib in Resources */,
				8EA2CB2616729E8700D59B73 /* SPVideoItemView.xib in Resources */,
				8EEED7A816800DAC00D9F4CD /* Ubuntu-B.ttf in Resources */,
				8EEED7A916800DAC00D9F4CD /* Ubuntu-M.ttf in Resources */,
				8EEED7AA16800DAC00D9F4CD /* Ubuntu-R.ttf in Resources */,
				8E5980481680104A00027181 /* homeButton.png in Resources */,
				8E5980491680104A00027181 /* homeButton@2x.png in Resources */,
				8E59804C1680104A00027181 /* pauseButton.png in Resources */,
				8E59804D1680104A00027181 /* pauseButton@2x.png in Resources */,
				8E59804E1680104A00027181 /* playButton.png in Resources */,
				8E59804F1680104A00027181 /* playButton@2x.png in Resources */,
				8E5980541680104A00027181 /* scrubberIcon.png in Resources */,
				8E5980551680104A00027181 /* scrubberIcon@2x.png in Resources */,
				8E59805A1680104A00027181 /* videoListPanel.png in Resources */,
				8E59805B1680104A00027181 /* videoListPanel@2x.png in Resources */,
				8E59805C1680104A00027181 /* videoPlayerBar.png in Resources */,
				8E59805D1680104A00027181 /* videoPlayerBar@2x.png in Resources */,
				8E285DE31680F82C002A7935 /* infoPanelIconPlaceholder.png in Resources */,
				8E285DE41680F82C002A7935 /* infoPanelIconPlaceholder@2x.png in Resources */,
				8E12B18416825B4100657D32 /* actionButton.png in Resources */,
				8E12B18516825B4100657D32 /* actionButton@2x.png in Resources */,
				8E12B18816825B4100657D32 /* videoListThumbnail.png in Resources */,
				8E12B18916825B4100657D32 /* videoListThumbnail@2x.png in Resources */,
				8E12B18A16825B4100657D32 /* videoListThumbnailOverlay.png in Resources */,
				8E12B18B16825B4100657D32 /* videoListThumbnailOverlay@2x.png in Resources */,
				8E9F32711683F4040049EECD /* scrubberBarOff.png in Resources */,
				8E9F32721683F4040049EECD /* scrubberBarOff@2x.png in Resources */,
				8E4980AD1688C556007AF267 /* tempLogo.png in Resources */,
				8E4980AE1688C556007AF267 /* tempLogo@2x.png in Resources */,
				8E40AF6916A4B339007A66CA /* restartButton.png in Resources */,
				8E40AF6A16A4B339007A66CA /* restartButton@2x.png in Resources */,
				8E40AF6D16A4B6A7007A66CA /* infoPanel.png in Resources */,
				8E40AF6E16A4B6A7007A66CA /* infoPanel@2x.png in Resources */,
				8E50CDED16A9B9FC006B1ABE /* Icon-Small-50.png in Resources */,
				8E50CDEE16A9B9FC006B1ABE /* Icon-Small-50@2x.png in Resources */,
				8E50CDEF16A9B9FC006B1ABE /* Icon.png in Resources */,
				8E50CDF016A9B9FC006B1ABE /* Icon@2x.png in Resources */,
				8E50CDF116A9B9FC006B1ABE /* iTunesArtwork in Resources */,
				8E50CDF216A9B9FC006B1ABE /* iTunesArtwork@2x in Resources */,
				8E9182D216B857D100F2BDCF /* BrowseViewController.xib in Resources */,
				8E2FC88416C6F19D0022B58C /* authenticaitoncancelButton.png in Resources */,
				8E2FC88516C6F19D0022B58C /* authenticaitoncancelButton@2x.png in Resources */,
				8E2FC88616C6F19D0022B58C /* authenticaitonGoButton.png in Resources */,
				8E2FC88716C6F19D0022B58C /* authenticaitonGoButton@2x.png in Resources */,
				8E2FC88816C6F19D0022B58C /* authenticaitonLoginView.png in Resources */,
				8E2FC88916C6F19D0022B58C /* authenticaitonLoginView@2x.png.png in Resources */,
				8E2FC88A16C6F19D0022B58C /* authenticaitonTextField.png in Resources */,
				8E2FC88B16C6F19D0022B58C /* authenticaitonTextField@2x.png in Resources */,
				8E2FC88C16C6F19D0022B58C /* Default.png in Resources */,
				8E2FC88D16C6F19D0022B58C /* Default@2x.png in Resources */,
				8E2FC88E16C6F19D0022B58C /* likesCard.png in Resources */,
				8E2FC88F16C6F19D0022B58C /* likesCard@2x.png in Resources */,
				8E2FC89016C6F19D0022B58C /* personalRollCard.png in Resources */,
				8E2FC89116C6F19D0022B58C /* personalRollCard@2x.png in Resources */,
				8E2FC89216C6F19D0022B58C /* streamCard.png in Resources */,
				8E2FC89316C6F19D0022B58C /* streamCard@2x.png in Resources */,
			);
			runOnlyForDeploymentPostprocessing = 0;
		};
/* End PBXResourcesBuildPhase section */

/* Begin PBXShellScriptBuildPhase section */
		8EDB513A1685608700B4DB3B /* ShellScript */ = {
			isa = PBXShellScriptBuildPhase;
			buildActionMask = 2147483647;
			files = (
			);
			inputPaths = (
			);
			outputPaths = (
			);
			runOnlyForDeploymentPostprocessing = 0;
			shellPath = /bin/sh;
			shellScript = "./Crashlytics.framework/run 84a79b7ee6f2eca13877cd17b9b9a290790f99aa";
		};
/* End PBXShellScriptBuildPhase section */

/* Begin PBXSourcesBuildPhase section */
		8E209709162F3A60000A2DFD /* Sources */ = {
			isa = PBXSourcesBuildPhase;
			buildActionMask = 2147483647;
			files = (
				8E41EF2816B0554400C831A4 /* AsynchronousFreeloader.m in Sources */,
				8E1B2EE1167050BE00D2C0DC /* TopAlignedLabel.m in Sources */,
				8EB950571665BD6F00E965E0 /* SPVideoReel.m in Sources */,
				8EB950541665BD0E00E965E0 /* SPVideoPlayer.m in Sources */,
				8EE50E9C1665B8EF00DF42B8 /* SPVideoExtractor.m in Sources */,
				8E4A92DB1665383F00FF742D /* LoginViewController.xib in Sources */,
				8E4A92DC1665383F00FF742D /* MeViewController.xib in Sources */,
				8E4A92D9166532DA00FF742D /* MeViewController.m in Sources */,
				8EAAEE5B163A29BA00AEF100 /* CoreDataUtility.m in Sources */,
				8E20971E162F3A61000A2DFD /* main.m in Sources */,
				8E209722162F3A61000A2DFD /* AppDelegate.m in Sources */,
				8E82EDEA1631ABDE0044D97E /* LoginViewController.m in Sources */,
				8EAAEE65163A314700AEF100 /* NSString+CoreDataNullTest.m in Sources */,
				8E4C55771666A9F90019DD15 /* SPOverlayView.m in Sources */,
				8E888988166FB0B40040D28D /* ShelbyAPIClient.m in Sources */,
				8EA2CB2316729AC700D59B73 /* SPVideoItemView.m in Sources */,
				8E10189A1686696B009698B3 /* AFHTTPClient.m in Sources */,
				8E10189B1686696B009698B3 /* AFHTTPRequestOperation.m in Sources */,
				8E10189C1686696B009698B3 /* AFImageRequestOperation.m in Sources */,
				8E10189D1686696B009698B3 /* AFJSONRequestOperation.m in Sources */,
				8E10189E1686696B009698B3 /* AFNetworkActivityIndicatorManager.m in Sources */,
				8E10189F1686696B009698B3 /* AFPropertyListRequestOperation.m in Sources */,
				8E1018A01686696B009698B3 /* AFURLConnectionOperation.m in Sources */,
				8E1018A11686696B009698B3 /* AFXMLRequestOperation.m in Sources */,
				8E1018A21686696B009698B3 /* UIImageView+AFNetworking.m in Sources */,
				8E0132DB16A7CC9C00195D9A /* NSDate+DateFromBSONObjectID.m in Sources */,
				8ED3159316AD1F5E00B177EC /* UIColor+ColorWithHexAndAlpha.m in Sources */,
				8EB3B19916AF9E96008587FD /* Panhandler.m in Sources */,
				8EB3B19C16AFA7FA008587FD /* SPModel.m in Sources */,
				8E41EF2E16B0742400C831A4 /* BigButton.m in Sources */,
				8E9182D116B857D100F2BDCF /* BrowseViewController.m in Sources */,
				8E9182D816B86E1700F2BDCF /* BrowseCell.m in Sources */,
				8E9182DE16B8921C00F2BDCF /* Shelby.xcdatamodeld in Sources */,
				8E8939E516C19F5100AE7B4F /* Creator.m in Sources */,
				8E8939E816C19F5100AE7B4F /* Frame.m in Sources */,
				8E8939F116C19F5200AE7B4F /* Messages.m in Sources */,
				8E8939F416C19F5200AE7B4F /* Stream.m in Sources */,
				8E8939FA16C19F5200AE7B4F /* Roll.m in Sources */,
				8E893A0016C19F5200AE7B4F /* Video.m in Sources */,
				8E893A0616C1A0D300AE7B4F /* Conversation.m in Sources */,
				8E893A1816C1F81D00AE7B4F /* Group.m in Sources */,
				8E893A1B16C1F81D00AE7B4F /* GroupRoll.m in Sources */,
				8E6C2F5016C3825000489EF6 /* User.m in Sources */,
				8E0CFE1316C4A87F009620F9 /* SPVideoScrubber.m in Sources */,
				8E0CFE1616C4C54E009620F9 /* UIScreen+Resolution.m in Sources */,
			);
			runOnlyForDeploymentPostprocessing = 0;
		};
/* End PBXSourcesBuildPhase section */

/* Begin PBXVariantGroup section */
		8E20971A162F3A61000A2DFD /* InfoPlist.strings */ = {
			isa = PBXVariantGroup;
			children = (
				8E20971B162F3A61000A2DFD /* en */,
			);
			name = InfoPlist.strings;
			sourceTree = "<group>";
		};
/* End PBXVariantGroup section */

/* Begin XCBuildConfiguration section */
		8E20973D162F3A61000A2DFD /* Debug */ = {
			isa = XCBuildConfiguration;
			buildSettings = {
				ALWAYS_SEARCH_USER_PATHS = NO;
				CLANG_CXX_LANGUAGE_STANDARD = "gnu++0x";
				CLANG_CXX_LIBRARY = "libc++";
				CLANG_ENABLE_OBJC_ARC = YES;
				CLANG_WARN_EMPTY_BODY = YES;
				CLANG_WARN__DUPLICATE_METHOD_MATCH = YES;
				CODE_SIGN_IDENTITY = "iPhone Developer: Arthur Sabintsev (4LHJE8Z6RH)";
				"CODE_SIGN_IDENTITY[sdk=iphoneos*]" = "iPhone Developer: Arthur Sabintsev (4LHJE8Z6RH)";
				COPY_PHASE_STRIP = NO;
				GCC_C_LANGUAGE_STANDARD = gnu99;
				GCC_DYNAMIC_NO_PIC = NO;
				GCC_OPTIMIZATION_LEVEL = 0;
				GCC_PREPROCESSOR_DEFINITIONS = (
					"DEBUG=1",
					"$(inherited)",
				);
				GCC_SYMBOLS_PRIVATE_EXTERN = NO;
				GCC_WARN_ABOUT_RETURN_TYPE = YES;
				GCC_WARN_UNINITIALIZED_AUTOS = YES;
				GCC_WARN_UNUSED_VARIABLE = YES;
				IPHONEOS_DEPLOYMENT_TARGET = 6.0;
				PROVISIONING_PROFILE = "0F03CEA0-7AEF-4F39-B7A1-CD4032CD5354";
				"PROVISIONING_PROFILE[sdk=iphoneos*]" = "0F03CEA0-7AEF-4F39-B7A1-CD4032CD5354";
				SDKROOT = iphoneos;
				TARGETED_DEVICE_FAMILY = 2;
			};
			name = Debug;
		};
		8E20973E162F3A61000A2DFD /* Release */ = {
			isa = XCBuildConfiguration;
			buildSettings = {
				ALWAYS_SEARCH_USER_PATHS = NO;
				CLANG_CXX_LANGUAGE_STANDARD = "gnu++0x";
				CLANG_CXX_LIBRARY = "libc++";
				CLANG_ENABLE_OBJC_ARC = YES;
				CLANG_WARN_EMPTY_BODY = YES;
				CLANG_WARN__DUPLICATE_METHOD_MATCH = YES;
				CODE_SIGN_IDENTITY = "iPhone Distribution: Shelby TV, Inc.";
				"CODE_SIGN_IDENTITY[sdk=iphoneos*]" = "iPhone Distribution: Shelby TV, Inc.";
				COPY_PHASE_STRIP = YES;
				GCC_C_LANGUAGE_STANDARD = gnu99;
				GCC_WARN_ABOUT_RETURN_TYPE = YES;
				GCC_WARN_UNINITIALIZED_AUTOS = YES;
				GCC_WARN_UNUSED_VARIABLE = YES;
				IPHONEOS_DEPLOYMENT_TARGET = 6.0;
				OTHER_CFLAGS = "-DNS_BLOCK_ASSERTIONS=1";
				PROVISIONING_PROFILE = "28197B5D-C152-49A2-B495-9E14F2C9346A";
				"PROVISIONING_PROFILE[sdk=iphoneos*]" = "28197B5D-C152-49A2-B495-9E14F2C9346A";
				SDKROOT = iphoneos;
				TARGETED_DEVICE_FAMILY = 2;
				VALIDATE_PRODUCT = YES;
			};
			name = Release;
		};
		8E209740162F3A61000A2DFD /* Debug */ = {
			isa = XCBuildConfiguration;
			buildSettings = {
				CODE_SIGN_IDENTITY = "iPhone Developer: Arthur Sabintsev (4LHJE8Z6RH)";
				"CODE_SIGN_IDENTITY[sdk=iphoneos*]" = "iPhone Developer: Arthur Sabintsev (4LHJE8Z6RH)";
				FRAMEWORK_SEARCH_PATHS = (
					"$(inherited)",
					"\"$(SRCROOT)/Shelby.tv\"",
				);
				GCC_PRECOMPILE_PREFIX_HEADER = YES;
				GCC_PREFIX_HEADER = "Shelby.tv/Shelby.tv-Prefix.pch";
				GCC_VERSION = "";
				INFOPLIST_FILE = "Shelby.tv/Shelby.tv-Info.plist";
				IPHONEOS_DEPLOYMENT_TARGET = 6.0;
				PRODUCT_NAME = "$(TARGET_NAME)";
				PROVISIONING_PROFILE = "0F03CEA0-7AEF-4F39-B7A1-CD4032CD5354";
				"PROVISIONING_PROFILE[sdk=iphoneos*]" = "0F03CEA0-7AEF-4F39-B7A1-CD4032CD5354";
				WRAPPER_EXTENSION = app;
			};
			name = Debug;
		};
		8E209741162F3A61000A2DFD /* Release */ = {
			isa = XCBuildConfiguration;
			buildSettings = {
				CODE_SIGN_IDENTITY = "iPhone Distribution: Shelby TV, Inc.";
				"CODE_SIGN_IDENTITY[sdk=iphoneos*]" = "iPhone Distribution: Shelby TV, Inc.";
				FRAMEWORK_SEARCH_PATHS = (
					"$(inherited)",
					"\"$(SRCROOT)/Shelby.tv\"",
				);
				GCC_PRECOMPILE_PREFIX_HEADER = YES;
				GCC_PREFIX_HEADER = "Shelby.tv/Shelby.tv-Prefix.pch";
				GCC_VERSION = "";
				INFOPLIST_FILE = "Shelby.tv/Shelby.tv-Info.plist";
				IPHONEOS_DEPLOYMENT_TARGET = 6.0;
				PRODUCT_NAME = "$(TARGET_NAME)";
				PROVISIONING_PROFILE = "28197B5D-C152-49A2-B495-9E14F2C9346A";
				"PROVISIONING_PROFILE[sdk=iphoneos*]" = "28197B5D-C152-49A2-B495-9E14F2C9346A";
				WRAPPER_EXTENSION = app;
			};
			name = Release;
		};
/* End XCBuildConfiguration section */

/* Begin XCConfigurationList section */
		8E209707162F3A60000A2DFD /* Build configuration list for PBXProject "Shelby.tv" */ = {
			isa = XCConfigurationList;
			buildConfigurations = (
				8E20973D162F3A61000A2DFD /* Debug */,
				8E20973E162F3A61000A2DFD /* Release */,
			);
			defaultConfigurationIsVisible = 0;
			defaultConfigurationName = Release;
		};
		8E20973F162F3A61000A2DFD /* Build configuration list for PBXNativeTarget "Shelby.tv" */ = {
			isa = XCConfigurationList;
			buildConfigurations = (
				8E209740162F3A61000A2DFD /* Debug */,
				8E209741162F3A61000A2DFD /* Release */,
			);
			defaultConfigurationIsVisible = 0;
			defaultConfigurationName = Release;
		};
/* End XCConfigurationList section */

/* Begin XCVersionGroup section */
		8E9182DC16B8921C00F2BDCF /* Shelby.xcdatamodeld */ = {
			isa = XCVersionGroup;
			children = (
				8E9182DD16B8921C00F2BDCF /* Shelby.xcdatamodel */,
			);
			currentVersion = 8E9182DD16B8921C00F2BDCF /* Shelby.xcdatamodel */;
			path = Shelby.xcdatamodeld;
			sourceTree = "<group>";
			versionGroupType = wrapper.xcdatamodel;
		};
/* End XCVersionGroup section */
	};
	rootObject = 8E209704162F3A60000A2DFD /* Project object */;
}
